<?xml version="1.0" encoding="utf-8"?>
<Project ToolsVersion="4.0" xmlns="http://schemas.microsoft.com/developer/msbuild/2003">
  <ItemGroup>
    <Filter Include="inc">
      <UniqueIdentifier>{fdcb7959-f2ea-4bba-86d6-8b5babe09ba0}</UniqueIdentifier>
    </Filter>
    <Filter Include="src">
      <UniqueIdentifier>{bc0c271a-e6fc-46dd-a1d9-aed36e981ed6}</UniqueIdentifier>
    </Filter>
    <Filter Include="inc\mem">
      <UniqueIdentifier>{6f2fed0f-558b-4f40-a9e6-324ac897a1d6}</UniqueIdentifier>
    </Filter>
    <Filter Include="src\mem">
      <UniqueIdentifier>{3c9397a3-3453-486b-96eb-1abeeeb4a1ac}</UniqueIdentifier>
    </Filter>
    <Filter Include="inc\list">
      <UniqueIdentifier>{c389ea9f-d4a1-4135-aa9e-4fe8c95338ea}</UniqueIdentifier>
    </Filter>
    <Filter Include="src\list">
      <UniqueIdentifier>{154f0c5d-bf32-4f9c-9c3e-96922a946653}</UniqueIdentifier>
    </Filter>
    <Filter Include="inc\obj">
      <UniqueIdentifier>{1e8cb316-ade3-4ae1-99be-96542c30a37e}</UniqueIdentifier>
    </Filter>
    <Filter Include="src\obj">
      <UniqueIdentifier>{545e2d90-a8c8-44f6-b3e8-b505646d0972}</UniqueIdentifier>
    </Filter>
    <Filter Include="src\hash">
      <UniqueIdentifier>{b88430cb-7593-46bc-9ec0-917a1eb51f3e}</UniqueIdentifier>
    </Filter>
    <Filter Include="inc\hash">
      <UniqueIdentifier>{83a7ab8d-0460-404f-823f-72148fb307f0}</UniqueIdentifier>
    </Filter>
    <Filter Include="inc\thread">
      <UniqueIdentifier>{19854936-5871-4d9c-8923-92266be2092d}</UniqueIdentifier>
    </Filter>
    <Filter Include="src\thread">
      <UniqueIdentifier>{b3f81169-36c1-49f5-ba3a-b245487da94f}</UniqueIdentifier>
    </Filter>
    <Filter Include="inc\log">
      <UniqueIdentifier>{7e3b5e99-7eea-46c5-9985-2f23536c4f97}</UniqueIdentifier>
    </Filter>
    <Filter Include="src\log">
      <UniqueIdentifier>{8a99df81-c1ff-43d4-9825-961cce0dd9f8}</UniqueIdentifier>
    </Filter>
  </ItemGroup>
  <ItemGroup>
    <ClInclude Include="..\inc\mem\klb_mem.h">
      <Filter>inc\mem</Filter>
    </ClInclude>
    <ClInclude Include="..\inc\klb_type.h">
      <Filter>inc</Filter>
    </ClInclude>
    <ClInclude Include="..\inc\obj\klb_obj.h">
      <Filter>inc\obj</Filter>
    </ClInclude>
    <ClInclude Include="..\inc\hash\klb_hash_dx.h">
      <Filter>inc\hash</Filter>
    </ClInclude>
    <ClInclude Include="..\inc\list\klb_list.h">
      <Filter>inc\list</Filter>
    </ClInclude>
    <ClInclude Include="..\inc\list\list.h">
      <Filter>inc\list</Filter>
    </ClInclude>
    <ClInclude Include="..\inc\thread\klb_thread.h">
      <Filter>inc\thread</Filter>
    </ClInclude>
    <ClInclude Include="..\inc\log\klb_log.h">
      <Filter>inc\log</Filter>
    </ClInclude>
    <ClInclude Include="..\inc\thread\klb_atomic.h">
      <Filter>inc\thread</Filter>
    </ClInclude>
    <ClInclude Include="..\inc\thread\klb_mutex.h">
      <Filter>inc\thread</Filter>
    </ClInclude>
    <ClInclude Include="..\inc\thread\klb_rwlock.h">
      <Filter>inc\thread</Filter>
    </ClInclude>
    <ClInclude Include="..\inc\thread\klb_spinlock.h">
      <Filter>inc\thread</Filter>
    </ClInclude>
  </ItemGroup>
  <ItemGroup>
    <ClCompile Include="..\src\mem\klb_mem.c">
      <Filter>src\mem</Filter>
    </ClCompile>
    <ClCompile Include="..\src\obj\klb_obj.c">
      <Filter>src\obj</Filter>
    </ClCompile>
    <ClCompile Include="..\src\hash\klb_hash_dx.c">
      <Filter>src\hash</Filter>
    </ClCompile>
    <ClCompile Include="..\src\list\klb_list.c">
      <Filter>src\list</Filter>
    </ClCompile>
    <ClCompile Include="..\src\thread\klb_thread.c">
      <Filter>src\thread</Filter>
    </ClCompile>
    <ClCompile Include="..\src\thread\klb_atomic.c">
      <Filter>src\thread</Filter>
    </ClCompile>
    <ClCompile Include="..\src\thread\klb_mutex.c">
      <Filter>src\thread</Filter>
    </ClCompile>
    <ClCompile Include="..\src\thread\klb_rwlock.c">
      <Filter>src\thread</Filter>
    </ClCompile>
    <ClCompile Include="..\src\thread\klb_spinlock.c">
      <Filter>src\thread</Filter>
    </ClCompile>
  </ItemGroup>
  <ItemGroup>
    <None Include="..\fmt_c.sh" />
    <None Include="..\Makefile" />
    <None Include="..\mk_def" />
  </ItemGroup>
</Project>