<?xml version="1.0" encoding="utf-8"?>
<Project ToolsVersion="4.0" xmlns="http://schemas.microsoft.com/developer/msbuild/2003">
  <ItemGroup>
    <Filter Include="inc">
      <UniqueIdentifier>{fdcb7959-f2ea-4bba-86d6-8b5babe09ba0}</UniqueIdentifier>
    </Filter>
    <Filter Include="third">
      <UniqueIdentifier>{37ca18f8-40ee-4c83-9e9a-26ad6d761286}</UniqueIdentifier>
    </Filter>
    <Filter Include="src_c">
      <UniqueIdentifier>{bc0c271a-e6fc-46dd-a1d9-aed36e981ed6}</UniqueIdentifier>
    </Filter>
    <Filter Include="src">
      <UniqueIdentifier>{3d277b87-7727-4760-88c9-85fcde8aeeca}</UniqueIdentifier>
    </Filter>
    <Filter Include="src\main">
      <UniqueIdentifier>{1593d0c5-d1e7-4d48-a6d0-e0d7d1bf5961}</UniqueIdentifier>
    </Filter>
    <Filter Include="src_c\klua">
      <UniqueIdentifier>{64d42d46-d90e-4014-8b56-da44b48211ca}</UniqueIdentifier>
    </Filter>
    <Filter Include="src_c\libavutil">
      <UniqueIdentifier>{63ce6869-ac4f-4773-9a1e-2a9c9d1620a8}</UniqueIdentifier>
    </Filter>
    <Filter Include="src_c\zip">
      <UniqueIdentifier>{7afa99bd-85ec-419d-9191-4facdbed5606}</UniqueIdentifier>
    </Filter>
    <Filter Include="src_c\klua\extension">
      <UniqueIdentifier>{28b7ead6-e649-4fbd-8f57-e26be0881052}</UniqueIdentifier>
    </Filter>
    <Filter Include="src_c\klbutil">
      <UniqueIdentifier>{a3b8ce22-6ca6-4d93-800a-09be1b63d76e}</UniqueIdentifier>
    </Filter>
    <Filter Include="inc\klbgui">
      <UniqueIdentifier>{e86aefcf-ceff-44b9-82e8-d21a9e0e40a8}</UniqueIdentifier>
    </Filter>
    <Filter Include="inc\klbmem">
      <UniqueIdentifier>{96a51c39-ddc8-4e53-a596-8ebe7711291a}</UniqueIdentifier>
    </Filter>
    <Filter Include="inc\klbnet">
      <UniqueIdentifier>{cf142ae7-743e-40eb-a39b-b8891ae75d79}</UniqueIdentifier>
    </Filter>
    <Filter Include="inc\klbthird">
      <UniqueIdentifier>{beacbfb1-c004-467c-9efd-b9f7673a024e}</UniqueIdentifier>
    </Filter>
    <Filter Include="inc\klbutil">
      <UniqueIdentifier>{5e4df055-c680-43e8-b287-6e2079e66e7c}</UniqueIdentifier>
    </Filter>
    <Filter Include="inc\klua">
      <UniqueIdentifier>{631795a4-3d26-4495-89d7-37772358e841}</UniqueIdentifier>
    </Filter>
    <Filter Include="inc\klbbase">
      <UniqueIdentifier>{8e69626e-6d5a-4cec-8611-8d7461a71600}</UniqueIdentifier>
    </Filter>
    <Filter Include="src_c\klbbase">
      <UniqueIdentifier>{005e5d97-f602-458f-a51d-7de7a965e44e}</UniqueIdentifier>
    </Filter>
    <Filter Include="src_c\klbgui">
      <UniqueIdentifier>{9dd815d3-b9db-468a-b84a-f958bd0fed70}</UniqueIdentifier>
    </Filter>
    <Filter Include="src_c\klbmem">
      <UniqueIdentifier>{7ca3c33e-7c47-43b3-bdb3-c04212fd9592}</UniqueIdentifier>
    </Filter>
    <Filter Include="src_c\klbnet">
      <UniqueIdentifier>{a06527f2-a3e5-4f01-9b68-f056c9b15517}</UniqueIdentifier>
    </Filter>
    <Filter Include="src_c\klbthird">
      <UniqueIdentifier>{ae949276-836f-48b0-8296-f5101a1a4871}</UniqueIdentifier>
    </Filter>
    <Filter Include="src_c\klbthird\pcre2">
      <UniqueIdentifier>{89dabc1e-3d1f-49cf-91fa-dfd8a3af278c}</UniqueIdentifier>
    </Filter>
    <Filter Include="src_c\klbthird\sds">
      <UniqueIdentifier>{656abf3a-a001-4e2c-b3ec-602c929d4f7d}</UniqueIdentifier>
    </Filter>
    <Filter Include="src_c\klbthird\pcre2\src">
      <UniqueIdentifier>{e8276ec9-749a-45df-ae8f-16e009423ed0}</UniqueIdentifier>
    </Filter>
    <Filter Include="src_c\klua\lpeg-1.0.2">
      <UniqueIdentifier>{5b655d0b-e0f2-4d10-904c-2cef344eac46}</UniqueIdentifier>
    </Filter>
    <Filter Include="src_c\klua\lua-5.4.1">
      <UniqueIdentifier>{a155072f-cb39-41be-b4ba-2b1011062921}</UniqueIdentifier>
    </Filter>
    <Filter Include="src_c\klua\lua-cjson-2.1.0">
      <UniqueIdentifier>{6d9c3c29-bc6f-4146-81a5-9f1e6ea3e606}</UniqueIdentifier>
    </Filter>
    <Filter Include="src_c\klua\luafilesystem-2.0">
      <UniqueIdentifier>{bdd7ad5a-1fcd-443b-bf56-7ce8ac3b7ab8}</UniqueIdentifier>
    </Filter>
    <Filter Include="src_c\klua\luafilesystem-2.0\src">
      <UniqueIdentifier>{3632eda0-dfd5-42c9-a625-03377fd4d810}</UniqueIdentifier>
    </Filter>
    <Filter Include="src_c\klua\lua-5.4.1\src">
      <UniqueIdentifier>{0551d619-4c84-400d-b492-926d02fd5fa4}</UniqueIdentifier>
    </Filter>
    <Filter Include="src_c\klua\klua_net">
      <UniqueIdentifier>{f5866d6c-ce5b-4a09-8678-6b6e7d8a8816}</UniqueIdentifier>
    </Filter>
    <Filter Include="src_c\klua\klua_base">
      <UniqueIdentifier>{5abe8395-278f-4db6-a679-1d2346eab61c}</UniqueIdentifier>
    </Filter>
    <Filter Include="src_c\klua\klua_util">
      <UniqueIdentifier>{2f4eb08b-0ed3-43a1-9961-029572d238bc}</UniqueIdentifier>
    </Filter>
    <Filter Include="src_c\klua\klua_platform">
      <UniqueIdentifier>{1887fd0d-b09b-4bb7-b00b-e2b43abfe079}</UniqueIdentifier>
    </Filter>
    <Filter Include="src_c\klua\klua_multithread">
      <UniqueIdentifier>{d28af56c-5fd9-4bb3-bd4f-36c3227b0962}</UniqueIdentifier>
    </Filter>
    <Filter Include="inc\klbplatform">
      <UniqueIdentifier>{42373333-3778-48e5-a9f1-41255e951bb3}</UniqueIdentifier>
    </Filter>
    <Filter Include="src_c\klbplatform">
      <UniqueIdentifier>{e5b7825e-ee0e-4407-a71b-79d7eef047c1}</UniqueIdentifier>
    </Filter>
    <Filter Include="src_c\klbnet\klb_ncm_ops">
      <UniqueIdentifier>{5368565e-4e56-47ee-83bd-d77a7b03526e}</UniqueIdentifier>
    </Filter>
    <Filter Include="src_c\klua\lsqlite3">
      <UniqueIdentifier>{bd392173-38bb-4fb5-94e0-bc746614519f}</UniqueIdentifier>
    </Filter>
  </ItemGroup>
  <ItemGroup>
    <ClInclude Include="..\..\src_c\config.h">
      <Filter>src_c</Filter>
    </ClInclude>
    <ClInclude Include="..\..\src_c\cpu.h">
      <Filter>src_c</Filter>
    </ClInclude>
    <ClInclude Include="..\..\inc\klb_type.h">
      <Filter>inc</Filter>
    </ClInclude>
    <ClInclude Include="..\..\src_c\klua\klua_help.h">
      <Filter>src_c\klua</Filter>
    </ClInclude>
    <ClInclude Include="..\..\src_c\libavutil\adler32.h">
      <Filter>src_c\libavutil</Filter>
    </ClInclude>
    <ClInclude Include="..\..\src_c\libavutil\aes.h">
      <Filter>src_c\libavutil</Filter>
    </ClInclude>
    <ClInclude Include="..\..\src_c\libavutil\aes_ctr.h">
      <Filter>src_c\libavutil</Filter>
    </ClInclude>
    <ClInclude Include="..\..\src_c\libavutil\aes_internal.h">
      <Filter>src_c\libavutil</Filter>
    </ClInclude>
    <ClInclude Include="..\..\src_c\libavutil\attributes.h">
      <Filter>src_c\libavutil</Filter>
    </ClInclude>
    <ClInclude Include="..\..\src_c\libavutil\audio_fifo.h">
      <Filter>src_c\libavutil</Filter>
    </ClInclude>
    <ClInclude Include="..\..\src_c\libavutil\avassert.h">
      <Filter>src_c\libavutil</Filter>
    </ClInclude>
    <ClInclude Include="..\..\src_c\libavutil\avconfig.h">
      <Filter>src_c\libavutil</Filter>
    </ClInclude>
    <ClInclude Include="..\..\src_c\libavutil\avstring.h">
      <Filter>src_c\libavutil</Filter>
    </ClInclude>
    <ClInclude Include="..\..\src_c\libavutil\avutil.h">
      <Filter>src_c\libavutil</Filter>
    </ClInclude>
    <ClInclude Include="..\..\src_c\libavutil\base64.h">
      <Filter>src_c\libavutil</Filter>
    </ClInclude>
    <ClInclude Include="..\..\src_c\libavutil\blowfish.h">
      <Filter>src_c\libavutil</Filter>
    </ClInclude>
    <ClInclude Include="..\..\src_c\libavutil\bprint.h">
      <Filter>src_c\libavutil</Filter>
    </ClInclude>
    <ClInclude Include="..\..\src_c\libavutil\bswap.h">
      <Filter>src_c\libavutil</Filter>
    </ClInclude>
    <ClInclude Include="..\..\src_c\libavutil\camellia.h">
      <Filter>src_c\libavutil</Filter>
    </ClInclude>
    <ClInclude Include="..\..\src_c\libavutil\cast5.h">
      <Filter>src_c\libavutil</Filter>
    </ClInclude>
    <ClInclude Include="..\..\src_c\libavutil\channel_layout.h">
      <Filter>src_c\libavutil</Filter>
    </ClInclude>
    <ClInclude Include="..\..\src_c\libavutil\color_utils.h">
      <Filter>src_c\libavutil</Filter>
    </ClInclude>
    <ClInclude Include="..\..\src_c\libavutil\colorspace.h">
      <Filter>src_c\libavutil</Filter>
    </ClInclude>
    <ClInclude Include="..\..\src_c\libavutil\common.h">
      <Filter>src_c\libavutil</Filter>
    </ClInclude>
    <ClInclude Include="..\..\src_c\libavutil\crc.h">
      <Filter>src_c\libavutil</Filter>
    </ClInclude>
    <ClInclude Include="..\..\src_c\libavutil\des.h">
      <Filter>src_c\libavutil</Filter>
    </ClInclude>
    <ClInclude Include="..\..\src_c\libavutil\dict.h">
      <Filter>src_c\libavutil</Filter>
    </ClInclude>
    <ClInclude Include="..\..\src_c\libavutil\display.h">
      <Filter>src_c\libavutil</Filter>
    </ClInclude>
    <ClInclude Include="..\..\src_c\libavutil\dovi_meta.h">
      <Filter>src_c\libavutil</Filter>
    </ClInclude>
    <ClInclude Include="..\..\src_c\libavutil\dynarray.h">
      <Filter>src_c\libavutil</Filter>
    </ClInclude>
    <ClInclude Include="..\..\src_c\libavutil\encryption_info.h">
      <Filter>src_c\libavutil</Filter>
    </ClInclude>
    <ClInclude Include="..\..\src_c\libavutil\error.h">
      <Filter>src_c\libavutil</Filter>
    </ClInclude>
    <ClInclude Include="..\..\src_c\libavutil\eval.h">
      <Filter>src_c\libavutil</Filter>
    </ClInclude>
    <ClInclude Include="..\..\src_c\libavutil\ffmath.h">
      <Filter>src_c\libavutil</Filter>
    </ClInclude>
    <ClInclude Include="..\..\src_c\libavutil\ffversion.h">
      <Filter>src_c\libavutil</Filter>
    </ClInclude>
    <ClInclude Include="..\..\src_c\libavutil\fifo.h">
      <Filter>src_c\libavutil</Filter>
    </ClInclude>
    <ClInclude Include="..\..\src_c\libavutil\file.h">
      <Filter>src_c\libavutil</Filter>
    </ClInclude>
    <ClInclude Include="..\..\src_c\libavutil\hash.h">
      <Filter>src_c\libavutil</Filter>
    </ClInclude>
    <ClInclude Include="..\..\src_c\libavutil\hmac.h">
      <Filter>src_c\libavutil</Filter>
    </ClInclude>
    <ClInclude Include="..\..\src_c\libavutil\imgutils.h">
      <Filter>src_c\libavutil</Filter>
    </ClInclude>
    <ClInclude Include="..\..\src_c\libavutil\imgutils_internal.h">
      <Filter>src_c\libavutil</Filter>
    </ClInclude>
    <ClInclude Include="..\..\src_c\libavutil\integer.h">
      <Filter>src_c\libavutil</Filter>
    </ClInclude>
    <ClInclude Include="..\..\src_c\libavutil\internal.h">
      <Filter>src_c\libavutil</Filter>
    </ClInclude>
    <ClInclude Include="..\..\src_c\libavutil\intfloat.h">
      <Filter>src_c\libavutil</Filter>
    </ClInclude>
    <ClInclude Include="..\..\src_c\libavutil\intmath.h">
      <Filter>src_c\libavutil</Filter>
    </ClInclude>
    <ClInclude Include="..\..\src_c\libavutil\intreadwrite.h">
      <Filter>src_c\libavutil</Filter>
    </ClInclude>
    <ClInclude Include="..\..\src_c\libavutil\lfg.h">
      <Filter>src_c\libavutil</Filter>
    </ClInclude>
    <ClInclude Include="..\..\src_c\libavutil\libm.h">
      <Filter>src_c\libavutil</Filter>
    </ClInclude>
    <ClInclude Include="..\..\src_c\libavutil\log.h">
      <Filter>src_c\libavutil</Filter>
    </ClInclude>
    <ClInclude Include="..\..\src_c\libavutil\lzo.h">
      <Filter>src_c\libavutil</Filter>
    </ClInclude>
    <ClInclude Include="..\..\src_c\libavutil\macros.h">
      <Filter>src_c\libavutil</Filter>
    </ClInclude>
    <ClInclude Include="..\..\src_c\libavutil\mathematics.h">
      <Filter>src_c\libavutil</Filter>
    </ClInclude>
    <ClInclude Include="..\..\src_c\libavutil\md5.h">
      <Filter>src_c\libavutil</Filter>
    </ClInclude>
    <ClInclude Include="..\..\src_c\libavutil\mem.h">
      <Filter>src_c\libavutil</Filter>
    </ClInclude>
    <ClInclude Include="..\..\src_c\libavutil\mem_internal.h">
      <Filter>src_c\libavutil</Filter>
    </ClInclude>
    <ClInclude Include="..\..\src_c\libavutil\motion_vector.h">
      <Filter>src_c\libavutil</Filter>
    </ClInclude>
    <ClInclude Include="..\..\src_c\libavutil\murmur3.h">
      <Filter>src_c\libavutil</Filter>
    </ClInclude>
    <ClInclude Include="..\..\src_c\libavutil\parseutils.h">
      <Filter>src_c\libavutil</Filter>
    </ClInclude>
    <ClInclude Include="..\..\src_c\libavutil\pca.h">
      <Filter>src_c\libavutil</Filter>
    </ClInclude>
    <ClInclude Include="..\..\src_c\libavutil\pixdesc.h">
      <Filter>src_c\libavutil</Filter>
    </ClInclude>
    <ClInclude Include="..\..\src_c\libavutil\pixelutils.h">
      <Filter>src_c\libavutil</Filter>
    </ClInclude>
    <ClInclude Include="..\..\src_c\libavutil\pixfmt.h">
      <Filter>src_c\libavutil</Filter>
    </ClInclude>
    <ClInclude Include="..\..\src_c\libavutil\qsort.h">
      <Filter>src_c\libavutil</Filter>
    </ClInclude>
    <ClInclude Include="..\..\src_c\libavutil\random_seed.h">
      <Filter>src_c\libavutil</Filter>
    </ClInclude>
    <ClInclude Include="..\..\src_c\libavutil\rational.h">
      <Filter>src_c\libavutil</Filter>
    </ClInclude>
    <ClInclude Include="..\..\src_c\libavutil\rc4.h">
      <Filter>src_c\libavutil</Filter>
    </ClInclude>
    <ClInclude Include="..\..\src_c\libavutil\replaygain.h">
      <Filter>src_c\libavutil</Filter>
    </ClInclude>
    <ClInclude Include="..\..\src_c\libavutil\reverse.h">
      <Filter>src_c\libavutil</Filter>
    </ClInclude>
    <ClInclude Include="..\..\src_c\libavutil\ripemd.h">
      <Filter>src_c\libavutil</Filter>
    </ClInclude>
    <ClInclude Include="..\..\src_c\libavutil\samplefmt.h">
      <Filter>src_c\libavutil</Filter>
    </ClInclude>
    <ClInclude Include="..\..\src_c\libavutil\sha.h">
      <Filter>src_c\libavutil</Filter>
    </ClInclude>
    <ClInclude Include="..\..\src_c\libavutil\sha512.h">
      <Filter>src_c\libavutil</Filter>
    </ClInclude>
    <ClInclude Include="..\..\src_c\libavutil\softfloat.h">
      <Filter>src_c\libavutil</Filter>
    </ClInclude>
    <ClInclude Include="..\..\src_c\libavutil\softfloat_ieee754.h">
      <Filter>src_c\libavutil</Filter>
    </ClInclude>
    <ClInclude Include="..\..\src_c\libavutil\softfloat_tables.h">
      <Filter>src_c\libavutil</Filter>
    </ClInclude>
    <ClInclude Include="..\..\src_c\libavutil\spherical.h">
      <Filter>src_c\libavutil</Filter>
    </ClInclude>
    <ClInclude Include="..\..\src_c\libavutil\tablegen.h">
      <Filter>src_c\libavutil</Filter>
    </ClInclude>
    <ClInclude Include="..\..\src_c\libavutil\tea.h">
      <Filter>src_c\libavutil</Filter>
    </ClInclude>
    <ClInclude Include="..\..\src_c\libavutil\thread.h">
      <Filter>src_c\libavutil</Filter>
    </ClInclude>
    <ClInclude Include="..\..\src_c\libavutil\threadmessage.h">
      <Filter>src_c\libavutil</Filter>
    </ClInclude>
    <ClInclude Include="..\..\src_c\libavutil\time.h">
      <Filter>src_c\libavutil</Filter>
    </ClInclude>
    <ClInclude Include="..\..\src_c\libavutil\time_internal.h">
      <Filter>src_c\libavutil</Filter>
    </ClInclude>
    <ClInclude Include="..\..\src_c\libavutil\timecode.h">
      <Filter>src_c\libavutil</Filter>
    </ClInclude>
    <ClInclude Include="..\..\src_c\libavutil\timer.h">
      <Filter>src_c\libavutil</Filter>
    </ClInclude>
    <ClInclude Include="..\..\src_c\libavutil\timestamp.h">
      <Filter>src_c\libavutil</Filter>
    </ClInclude>
    <ClInclude Include="..\..\src_c\libavutil\tree.h">
      <Filter>src_c\libavutil</Filter>
    </ClInclude>
    <ClInclude Include="..\..\src_c\libavutil\twofish.h">
      <Filter>src_c\libavutil</Filter>
    </ClInclude>
    <ClInclude Include="..\..\src_c\libavutil\version.h">
      <Filter>src_c\libavutil</Filter>
    </ClInclude>
    <ClInclude Include="..\..\src_c\libavutil\wchar_filename.h">
      <Filter>src_c\libavutil</Filter>
    </ClInclude>
    <ClInclude Include="..\..\src_c\libavutil\xga_font_data.h">
      <Filter>src_c\libavutil</Filter>
    </ClInclude>
    <ClInclude Include="..\..\src_c\libavutil\xtea.h">
      <Filter>src_c\libavutil</Filter>
    </ClInclude>
    <ClInclude Include="..\..\src_c\zlib-1.2.11\crc32.h">
      <Filter>src_c\zip</Filter>
    </ClInclude>
    <ClInclude Include="..\..\src_c\zlib-1.2.11\deflate.h">
      <Filter>src_c\zip</Filter>
    </ClInclude>
    <ClInclude Include="..\..\src_c\zlib-1.2.11\gzguts.h">
      <Filter>src_c\zip</Filter>
    </ClInclude>
    <ClInclude Include="..\..\src_c\zlib-1.2.11\inffast.h">
      <Filter>src_c\zip</Filter>
    </ClInclude>
    <ClInclude Include="..\..\src_c\zlib-1.2.11\inffixed.h">
      <Filter>src_c\zip</Filter>
    </ClInclude>
    <ClInclude Include="..\..\src_c\zlib-1.2.11\inflate.h">
      <Filter>src_c\zip</Filter>
    </ClInclude>
    <ClInclude Include="..\..\src_c\zlib-1.2.11\inftrees.h">
      <Filter>src_c\zip</Filter>
    </ClInclude>
    <ClInclude Include="..\..\src_c\zlib-1.2.11\trees.h">
      <Filter>src_c\zip</Filter>
    </ClInclude>
    <ClInclude Include="..\..\src_c\zlib-1.2.11\zconf.h">
      <Filter>src_c\zip</Filter>
    </ClInclude>
    <ClInclude Include="..\..\src_c\zlib-1.2.11\zlib.h">
      <Filter>src_c\zip</Filter>
    </ClInclude>
    <ClInclude Include="..\..\src_c\zlib-1.2.11\zutil.h">
      <Filter>src_c\zip</Filter>
    </ClInclude>
    <ClInclude Include="..\..\src_c\klua\extension\klua_extension.h">
      <Filter>src_c\klua\extension</Filter>
    </ClInclude>
    <ClInclude Include="..\..\src_c\klua\extension\klua_ex_time.h">
      <Filter>src_c\klua\extension</Filter>
    </ClInclude>
    <ClInclude Include="..\..\src_c\klua\extension\klua_ex_gui.h">
      <Filter>src_c\klua\extension</Filter>
    </ClInclude>
    <ClInclude Include="..\..\src_c\klua\extension\klua_ex_multiplex.h">
      <Filter>src_c\klua\extension</Filter>
    </ClInclude>
    <ClInclude Include="..\..\inc\klbgui\klb_gui.h">
      <Filter>inc\klbgui</Filter>
    </ClInclude>
    <ClInclude Include="..\..\inc\klbgui\klb_msg.h">
      <Filter>inc\klbgui</Filter>
    </ClInclude>
    <ClInclude Include="..\..\inc\klbgui\klb_wnd.h">
      <Filter>inc\klbgui</Filter>
    </ClInclude>
    <ClInclude Include="..\..\inc\klbmem\klb_buf.h">
      <Filter>inc\klbmem</Filter>
    </ClInclude>
    <ClInclude Include="..\..\inc\klbmem\klb_buffer.h">
      <Filter>inc\klbmem</Filter>
    </ClInclude>
    <ClInclude Include="..\..\inc\klbmem\klb_mem.h">
      <Filter>inc\klbmem</Filter>
    </ClInclude>
    <ClInclude Include="..\..\inc\klbmem\klb_mpool.h">
      <Filter>inc\klbmem</Filter>
    </ClInclude>
    <ClInclude Include="..\..\inc\klbnet\klb_http.h">
      <Filter>inc\klbnet</Filter>
    </ClInclude>
    <ClInclude Include="..\..\inc\klbnet\klb_ncm.h">
      <Filter>inc\klbnet</Filter>
    </ClInclude>
    <ClInclude Include="..\..\inc\klbnet\klb_socket.h">
      <Filter>inc\klbnet</Filter>
    </ClInclude>
    <ClInclude Include="..\..\inc\klbnet\klb_websocket.h">
      <Filter>inc\klbnet</Filter>
    </ClInclude>
    <ClInclude Include="..\..\inc\klbthird\sqlite3.h">
      <Filter>inc\klbthird</Filter>
    </ClInclude>
    <ClInclude Include="..\..\inc\klbthird\zconf.h">
      <Filter>inc\klbthird</Filter>
    </ClInclude>
    <ClInclude Include="..\..\inc\klbthird\zlib.h">
      <Filter>inc\klbthird</Filter>
    </ClInclude>
    <ClInclude Include="..\..\inc\klbutil\klb_bitmap.h">
      <Filter>inc\klbutil</Filter>
    </ClInclude>
    <ClInclude Include="..\..\inc\klbutil\klb_canvas.h">
      <Filter>inc\klbutil</Filter>
    </ClInclude>
    <ClInclude Include="..\..\inc\klbutil\klb_color.h">
      <Filter>inc\klbutil</Filter>
    </ClInclude>
    <ClInclude Include="..\..\inc\klbutil\klb_hash.h">
      <Filter>inc\klbutil</Filter>
    </ClInclude>
    <ClInclude Include="..\..\inc\klbutil\klb_hash_dx.h">
      <Filter>inc\klbutil</Filter>
    </ClInclude>
    <ClInclude Include="..\..\inc\klbutil\klb_hash_hgsmi.h">
      <Filter>inc\klbutil</Filter>
    </ClInclude>
    <ClInclude Include="..\..\inc\klbutil\klb_hlist.h">
      <Filter>inc\klbutil</Filter>
    </ClInclude>
    <ClInclude Include="..\..\inc\klbutil\klb_hmap.h">
      <Filter>inc\klbutil</Filter>
    </ClInclude>
    <ClInclude Include="..\..\inc\klbutil\klb_htab.h">
      <Filter>inc\klbutil</Filter>
    </ClInclude>
    <ClInclude Include="..\..\inc\klbutil\klb_list.h">
      <Filter>inc\klbutil</Filter>
    </ClInclude>
    <ClInclude Include="..\..\inc\klbutil\klb_log.h">
      <Filter>inc\klbutil</Filter>
    </ClInclude>
    <ClInclude Include="..\..\inc\klbutil\klb_rect.h">
      <Filter>inc\klbutil</Filter>
    </ClInclude>
    <ClInclude Include="..\..\inc\klbutil\list.h">
      <Filter>inc\klbutil</Filter>
    </ClInclude>
    <ClInclude Include="..\..\inc\klua\klua.h">
      <Filter>inc\klua</Filter>
    </ClInclude>
    <ClInclude Include="..\..\inc\klua\klua_env.h">
      <Filter>inc\klua</Filter>
    </ClInclude>
    <ClInclude Include="..\..\inc\klbutil\klb_obj.h">
      <Filter>inc\klbutil</Filter>
    </ClInclude>
    <ClInclude Include="..\..\inc\klbutil\klb_obj_hash.h">
      <Filter>inc\klbutil</Filter>
    </ClInclude>
    <ClInclude Include="..\..\inc\klbthird\http_parser.h">
      <Filter>inc\klbthird</Filter>
    </ClInclude>
    <ClInclude Include="..\..\inc\klbthird\pcre2.h">
      <Filter>inc\klbthird</Filter>
    </ClInclude>
    <ClInclude Include="..\..\inc\klbthird\pcre2posix.h">
      <Filter>inc\klbthird</Filter>
    </ClInclude>
    <ClInclude Include="..\..\inc\klbthird\sds.h">
      <Filter>inc\klbthird</Filter>
    </ClInclude>
    <ClInclude Include="..\..\inc\klbbase\klb_str_map.h">
      <Filter>inc\klbbase</Filter>
    </ClInclude>
    <ClInclude Include="..\..\inc\klbbase\klb_string.h">
      <Filter>inc\klbbase</Filter>
    </ClInclude>
    <ClInclude Include="..\..\src_c\klbgui\klb_gui_in.h">
      <Filter>src_c\klbgui</Filter>
    </ClInclude>
    <ClInclude Include="..\..\src_c\klbgui\klb_widget.h">
      <Filter>src_c\klbgui</Filter>
    </ClInclude>
    <ClInclude Include="..\..\src_c\klbgui\klb_wnd_in.h">
      <Filter>src_c\klbgui</Filter>
    </ClInclude>
    <ClInclude Include="..\..\src_c\klbthird\sds\sdsalloc.h">
      <Filter>src_c\klbthird\sds</Filter>
    </ClInclude>
    <ClInclude Include="..\..\src_c\klbthird\sds\testhelp.h">
      <Filter>src_c\klbthird\sds</Filter>
    </ClInclude>
    <ClInclude Include="..\..\src_c\klbthird\pcre2\src\pcre2_config.h">
      <Filter>src_c\klbthird\pcre2\src</Filter>
    </ClInclude>
    <ClInclude Include="..\..\src_c\klbthird\pcre2\src\pcre2_internal.h">
      <Filter>src_c\klbthird\pcre2\src</Filter>
    </ClInclude>
    <ClInclude Include="..\..\src_c\klbthird\pcre2\src\pcre2_intmodedep.h">
      <Filter>src_c\klbthird\pcre2\src</Filter>
    </ClInclude>
    <ClInclude Include="..\..\src_c\klbthird\pcre2\src\pcre2_jit_neon_inc.h">
      <Filter>src_c\klbthird\pcre2\src</Filter>
    </ClInclude>
    <ClInclude Include="..\..\src_c\klbthird\pcre2\src\pcre2_jit_simd_inc.h">
      <Filter>src_c\klbthird\pcre2\src</Filter>
    </ClInclude>
    <ClInclude Include="..\..\src_c\klbthird\pcre2\src\pcre2_ucp.h">
      <Filter>src_c\klbthird\pcre2\src</Filter>
    </ClInclude>
    <ClInclude Include="..\..\src_c\klbutil\klb_canvas_in.h">
      <Filter>src_c\klbutil</Filter>
    </ClInclude>
    <ClInclude Include="..\..\src_c\klua\lpeg-1.0.2\lpcap.h">
      <Filter>src_c\klua\lpeg-1.0.2</Filter>
    </ClInclude>
    <ClInclude Include="..\..\src_c\klua\lpeg-1.0.2\lpcode.h">
      <Filter>src_c\klua\lpeg-1.0.2</Filter>
    </ClInclude>
    <ClInclude Include="..\..\src_c\klua\lpeg-1.0.2\lpprint.h">
      <Filter>src_c\klua\lpeg-1.0.2</Filter>
    </ClInclude>
    <ClInclude Include="..\..\src_c\klua\lpeg-1.0.2\lptree.h">
      <Filter>src_c\klua\lpeg-1.0.2</Filter>
    </ClInclude>
    <ClInclude Include="..\..\src_c\klua\lpeg-1.0.2\lptypes.h">
      <Filter>src_c\klua\lpeg-1.0.2</Filter>
    </ClInclude>
    <ClInclude Include="..\..\src_c\klua\lpeg-1.0.2\lpvm.h">
      <Filter>src_c\klua\lpeg-1.0.2</Filter>
    </ClInclude>
    <ClInclude Include="..\..\src_c\klua\luafilesystem-2.0\src\lfs.h">
      <Filter>src_c\klua\luafilesystem-2.0\src</Filter>
    </ClInclude>
    <ClInclude Include="..\..\src_c\klua\lua-cjson-2.1.0\fpconv.h">
      <Filter>src_c\klua\lua-cjson-2.1.0</Filter>
    </ClInclude>
    <ClInclude Include="..\..\src_c\klua\lua-cjson-2.1.0\strbuf.h">
      <Filter>src_c\klua\lua-cjson-2.1.0</Filter>
    </ClInclude>
    <ClInclude Include="..\..\src_c\klua\lua-5.4.1\src\lapi.h">
      <Filter>src_c\klua\lua-5.4.1\src</Filter>
    </ClInclude>
    <ClInclude Include="..\..\src_c\klua\lua-5.4.1\src\lauxlib.h">
      <Filter>src_c\klua\lua-5.4.1\src</Filter>
    </ClInclude>
    <ClInclude Include="..\..\src_c\klua\lua-5.4.1\src\lcode.h">
      <Filter>src_c\klua\lua-5.4.1\src</Filter>
    </ClInclude>
    <ClInclude Include="..\..\src_c\klua\lua-5.4.1\src\lctype.h">
      <Filter>src_c\klua\lua-5.4.1\src</Filter>
    </ClInclude>
    <ClInclude Include="..\..\src_c\klua\lua-5.4.1\src\ldebug.h">
      <Filter>src_c\klua\lua-5.4.1\src</Filter>
    </ClInclude>
    <ClInclude Include="..\..\src_c\klua\lua-5.4.1\src\ldo.h">
      <Filter>src_c\klua\lua-5.4.1\src</Filter>
    </ClInclude>
    <ClInclude Include="..\..\src_c\klua\lua-5.4.1\src\lfunc.h">
      <Filter>src_c\klua\lua-5.4.1\src</Filter>
    </ClInclude>
    <ClInclude Include="..\..\src_c\klua\lua-5.4.1\src\lgc.h">
      <Filter>src_c\klua\lua-5.4.1\src</Filter>
    </ClInclude>
    <ClInclude Include="..\..\src_c\klua\lua-5.4.1\src\ljumptab.h">
      <Filter>src_c\klua\lua-5.4.1\src</Filter>
    </ClInclude>
    <ClInclude Include="..\..\src_c\klua\lua-5.4.1\src\llex.h">
      <Filter>src_c\klua\lua-5.4.1\src</Filter>
    </ClInclude>
    <ClInclude Include="..\..\src_c\klua\lua-5.4.1\src\llimits.h">
      <Filter>src_c\klua\lua-5.4.1\src</Filter>
    </ClInclude>
    <ClInclude Include="..\..\src_c\klua\lua-5.4.1\src\lmem.h">
      <Filter>src_c\klua\lua-5.4.1\src</Filter>
    </ClInclude>
    <ClInclude Include="..\..\src_c\klua\lua-5.4.1\src\lobject.h">
      <Filter>src_c\klua\lua-5.4.1\src</Filter>
    </ClInclude>
    <ClInclude Include="..\..\src_c\klua\lua-5.4.1\src\lopcodes.h">
      <Filter>src_c\klua\lua-5.4.1\src</Filter>
    </ClInclude>
    <ClInclude Include="..\..\src_c\klua\lua-5.4.1\src\lopnames.h">
      <Filter>src_c\klua\lua-5.4.1\src</Filter>
    </ClInclude>
    <ClInclude Include="..\..\src_c\klua\lua-5.4.1\src\lparser.h">
      <Filter>src_c\klua\lua-5.4.1\src</Filter>
    </ClInclude>
    <ClInclude Include="..\..\src_c\klua\lua-5.4.1\src\lprefix.h">
      <Filter>src_c\klua\lua-5.4.1\src</Filter>
    </ClInclude>
    <ClInclude Include="..\..\src_c\klua\lua-5.4.1\src\lstate.h">
      <Filter>src_c\klua\lua-5.4.1\src</Filter>
    </ClInclude>
    <ClInclude Include="..\..\src_c\klua\lua-5.4.1\src\lstring.h">
      <Filter>src_c\klua\lua-5.4.1\src</Filter>
    </ClInclude>
    <ClInclude Include="..\..\src_c\klua\lua-5.4.1\src\ltable.h">
      <Filter>src_c\klua\lua-5.4.1\src</Filter>
    </ClInclude>
    <ClInclude Include="..\..\src_c\klua\lua-5.4.1\src\ltm.h">
      <Filter>src_c\klua\lua-5.4.1\src</Filter>
    </ClInclude>
    <ClInclude Include="..\..\src_c\klua\lua-5.4.1\src\lua.h">
      <Filter>src_c\klua\lua-5.4.1\src</Filter>
    </ClInclude>
    <ClInclude Include="..\..\src_c\klua\lua-5.4.1\src\lua.hpp">
      <Filter>src_c\klua\lua-5.4.1\src</Filter>
    </ClInclude>
    <ClInclude Include="..\..\src_c\klua\lua-5.4.1\src\luaconf.h">
      <Filter>src_c\klua\lua-5.4.1\src</Filter>
    </ClInclude>
    <ClInclude Include="..\..\src_c\klua\lua-5.4.1\src\lualib.h">
      <Filter>src_c\klua\lua-5.4.1\src</Filter>
    </ClInclude>
    <ClInclude Include="..\..\src_c\klua\lua-5.4.1\src\lundump.h">
      <Filter>src_c\klua\lua-5.4.1\src</Filter>
    </ClInclude>
    <ClInclude Include="..\..\src_c\klua\lua-5.4.1\src\lvm.h">
      <Filter>src_c\klua\lua-5.4.1\src</Filter>
    </ClInclude>
    <ClInclude Include="..\..\src_c\klua\lua-5.4.1\src\lzio.h">
      <Filter>src_c\klua\lua-5.4.1\src</Filter>
    </ClInclude>
    <ClInclude Include="..\..\inc\klbbase\klb_mnp.h">
      <Filter>inc\klbbase</Filter>
    </ClInclude>
    <ClInclude Include="..\..\inc\klbbase\klb_mnp_dev.h">
      <Filter>inc\klbbase</Filter>
    </ClInclude>
    <ClInclude Include="..\..\inc\klbbase\klb_mnp_stream.h">
      <Filter>inc\klbbase</Filter>
    </ClInclude>
    <ClInclude Include="..\..\inc\klbnet\klb_socket_tls.h">
      <Filter>inc\klbnet</Filter>
    </ClInclude>
    <ClInclude Include="..\..\inc\klbbase\klb_resolution.h">
      <Filter>inc\klbbase</Filter>
    </ClInclude>
    <ClInclude Include="..\..\inc\klbplatform\klb_atomic.h">
      <Filter>inc\klbplatform</Filter>
    </ClInclude>
    <ClInclude Include="..\..\inc\klbplatform\klb_dynamic_link.h">
      <Filter>inc\klbplatform</Filter>
    </ClInclude>
    <ClInclude Include="..\..\inc\klbplatform\klb_mutex.h">
      <Filter>inc\klbplatform</Filter>
    </ClInclude>
    <ClInclude Include="..\..\inc\klbplatform\klb_rwlock.h">
      <Filter>inc\klbplatform</Filter>
    </ClInclude>
    <ClInclude Include="..\..\inc\klbplatform\klb_spinlock.h">
      <Filter>inc\klbplatform</Filter>
    </ClInclude>
    <ClInclude Include="..\..\inc\klbplatform\klb_thread.h">
      <Filter>inc\klbplatform</Filter>
    </ClInclude>
    <ClInclude Include="..\..\inc\klbplatform\klb_time.h">
      <Filter>inc\klbplatform</Filter>
    </ClInclude>
    <ClInclude Include="..\..\inc\klbbase\klb_base.h">
      <Filter>inc\klbbase</Filter>
    </ClInclude>
    <ClInclude Include="..\..\inc\klbbase\klb_multiplex.h">
      <Filter>inc\klbbase</Filter>
    </ClInclude>
    <ClInclude Include="..\..\src_c\klbnet\klb_ncm_ops\klb_ncm_ops.h">
      <Filter>src_c\klbnet\klb_ncm_ops</Filter>
    </ClInclude>
    <ClInclude Include="..\..\src_c\klua\klua_multithread\klua_multithread.h">
      <Filter>src_c\klua\klua_multithread</Filter>
    </ClInclude>
    <ClInclude Include="..\..\inc\klbutil\klb_rand.h">
      <Filter>inc\klbutil</Filter>
    </ClInclude>
    <ClInclude Include="..\..\inc\klbplatform\klb_shmem.h">
      <Filter>inc\klbplatform</Filter>
    </ClInclude>
    <ClInclude Include="..\..\inc\klbplatform\klb_semlock.h">
      <Filter>inc\klbplatform</Filter>
    </ClInclude>
    <ClInclude Include="..\..\inc\klua\klua_kthread.h">
      <Filter>inc\klua</Filter>
    </ClInclude>
    <ClInclude Include="..\..\src_c\klua\extension\klua_ex_lpc.h">
      <Filter>src_c\klua\extension</Filter>
    </ClInclude>
    <ClInclude Include="..\..\inc\klua\klua_data.h">
      <Filter>inc\klua</Filter>
    </ClInclude>
    <ClInclude Include="..\..\src_c\klua\lsqlite3\sqlite3.h">
      <Filter>src_c\klua\lsqlite3</Filter>
    </ClInclude>
    <ClInclude Include="..\..\inc\klbnet\klb_nsp.h">
      <Filter>inc\klbnet</Filter>
    </ClInclude>
    <ClInclude Include="..\..\inc\klbnet\klb_listen.h">
      <Filter>inc\klbnet</Filter>
    </ClInclude>
    <ClInclude Include="..\..\inc\klbmem\klb_fix_pool.h">
      <Filter>inc\klbmem</Filter>
    </ClInclude>
    <ClInclude Include="..\..\inc\klbmem\klb_rbuf.h">
      <Filter>inc\klbmem</Filter>
    </ClInclude>
  </ItemGroup>
  <ItemGroup>
    <ClCompile Include="..\..\src_c\klua\klua.c">
      <Filter>src_c\klua</Filter>
    </ClCompile>
    <ClCompile Include="..\..\src_c\klua\klua_env.c">
      <Filter>src_c\klua</Filter>
    </ClCompile>
    <ClCompile Include="..\..\src_c\klua\klua_help.c">
      <Filter>src_c\klua</Filter>
    </ClCompile>
    <ClCompile Include="..\..\src_c\klua\lua.c">
      <Filter>src_c\klua</Filter>
    </ClCompile>
    <ClCompile Include="..\..\src_c\libavutil\adler32.c">
      <Filter>src_c\libavutil</Filter>
    </ClCompile>
    <ClCompile Include="..\..\src_c\libavutil\aes.c">
      <Filter>src_c\libavutil</Filter>
    </ClCompile>
    <ClCompile Include="..\..\src_c\libavutil\aes_ctr.c">
      <Filter>src_c\libavutil</Filter>
    </ClCompile>
    <ClCompile Include="..\..\src_c\libavutil\audio_fifo.c">
      <Filter>src_c\libavutil</Filter>
    </ClCompile>
    <ClCompile Include="..\..\src_c\libavutil\avsscanf.c">
      <Filter>src_c\libavutil</Filter>
    </ClCompile>
    <ClCompile Include="..\..\src_c\libavutil\avstring.c">
      <Filter>src_c\libavutil</Filter>
    </ClCompile>
    <ClCompile Include="..\..\src_c\libavutil\base64.c">
      <Filter>src_c\libavutil</Filter>
    </ClCompile>
    <ClCompile Include="..\..\src_c\libavutil\blowfish.c">
      <Filter>src_c\libavutil</Filter>
    </ClCompile>
    <ClCompile Include="..\..\src_c\libavutil\bprint.c">
      <Filter>src_c\libavutil</Filter>
    </ClCompile>
    <ClCompile Include="..\..\src_c\libavutil\camellia.c">
      <Filter>src_c\libavutil</Filter>
    </ClCompile>
    <ClCompile Include="..\..\src_c\libavutil\cast5.c">
      <Filter>src_c\libavutil</Filter>
    </ClCompile>
    <ClCompile Include="..\..\src_c\libavutil\channel_layout.c">
      <Filter>src_c\libavutil</Filter>
    </ClCompile>
    <ClCompile Include="..\..\src_c\libavutil\color_utils.c">
      <Filter>src_c\libavutil</Filter>
    </ClCompile>
    <ClCompile Include="..\..\src_c\libavutil\crc.c">
      <Filter>src_c\libavutil</Filter>
    </ClCompile>
    <ClCompile Include="..\..\src_c\libavutil\des.c">
      <Filter>src_c\libavutil</Filter>
    </ClCompile>
    <ClCompile Include="..\..\src_c\libavutil\dict.c">
      <Filter>src_c\libavutil</Filter>
    </ClCompile>
    <ClCompile Include="..\..\src_c\libavutil\display.c">
      <Filter>src_c\libavutil</Filter>
    </ClCompile>
    <ClCompile Include="..\..\src_c\libavutil\dovi_meta.c">
      <Filter>src_c\libavutil</Filter>
    </ClCompile>
    <ClCompile Include="..\..\src_c\libavutil\encryption_info.c">
      <Filter>src_c\libavutil</Filter>
    </ClCompile>
    <ClCompile Include="..\..\src_c\libavutil\error.c">
      <Filter>src_c\libavutil</Filter>
    </ClCompile>
    <ClCompile Include="..\..\src_c\libavutil\eval.c">
      <Filter>src_c\libavutil</Filter>
    </ClCompile>
    <ClCompile Include="..\..\src_c\libavutil\fifo.c">
      <Filter>src_c\libavutil</Filter>
    </ClCompile>
    <ClCompile Include="..\..\src_c\libavutil\file.c">
      <Filter>src_c\libavutil</Filter>
    </ClCompile>
    <ClCompile Include="..\..\src_c\libavutil\file_open.c">
      <Filter>src_c\libavutil</Filter>
    </ClCompile>
    <ClCompile Include="..\..\src_c\libavutil\hash.c">
      <Filter>src_c\libavutil</Filter>
    </ClCompile>
    <ClCompile Include="..\..\src_c\libavutil\hmac.c">
      <Filter>src_c\libavutil</Filter>
    </ClCompile>
    <ClCompile Include="..\..\src_c\libavutil\imgutils.c">
      <Filter>src_c\libavutil</Filter>
    </ClCompile>
    <ClCompile Include="..\..\src_c\libavutil\integer.c">
      <Filter>src_c\libavutil</Filter>
    </ClCompile>
    <ClCompile Include="..\..\src_c\libavutil\intmath.c">
      <Filter>src_c\libavutil</Filter>
    </ClCompile>
    <ClCompile Include="..\..\src_c\libavutil\lfg.c">
      <Filter>src_c\libavutil</Filter>
    </ClCompile>
    <ClCompile Include="..\..\src_c\libavutil\log.c">
      <Filter>src_c\libavutil</Filter>
    </ClCompile>
    <ClCompile Include="..\..\src_c\libavutil\log2_tab.c">
      <Filter>src_c\libavutil</Filter>
    </ClCompile>
    <ClCompile Include="..\..\src_c\libavutil\lzo.c">
      <Filter>src_c\libavutil</Filter>
    </ClCompile>
    <ClCompile Include="..\..\src_c\libavutil\mathematics.c">
      <Filter>src_c\libavutil</Filter>
    </ClCompile>
    <ClCompile Include="..\..\src_c\libavutil\md5.c">
      <Filter>src_c\libavutil</Filter>
    </ClCompile>
    <ClCompile Include="..\..\src_c\libavutil\mem.c">
      <Filter>src_c\libavutil</Filter>
    </ClCompile>
    <ClCompile Include="..\..\src_c\libavutil\murmur3.c">
      <Filter>src_c\libavutil</Filter>
    </ClCompile>
    <ClCompile Include="..\..\src_c\libavutil\parseutils.c">
      <Filter>src_c\libavutil</Filter>
    </ClCompile>
    <ClCompile Include="..\..\src_c\libavutil\pca.c">
      <Filter>src_c\libavutil</Filter>
    </ClCompile>
    <ClCompile Include="..\..\src_c\libavutil\pixdesc.c">
      <Filter>src_c\libavutil</Filter>
    </ClCompile>
    <ClCompile Include="..\..\src_c\libavutil\pixelutils.c">
      <Filter>src_c\libavutil</Filter>
    </ClCompile>
    <ClCompile Include="..\..\src_c\libavutil\random_seed.c">
      <Filter>src_c\libavutil</Filter>
    </ClCompile>
    <ClCompile Include="..\..\src_c\libavutil\rational.c">
      <Filter>src_c\libavutil</Filter>
    </ClCompile>
    <ClCompile Include="..\..\src_c\libavutil\rc4.c">
      <Filter>src_c\libavutil</Filter>
    </ClCompile>
    <ClCompile Include="..\..\src_c\libavutil\reverse.c">
      <Filter>src_c\libavutil</Filter>
    </ClCompile>
    <ClCompile Include="..\..\src_c\libavutil\ripemd.c">
      <Filter>src_c\libavutil</Filter>
    </ClCompile>
    <ClCompile Include="..\..\src_c\libavutil\samplefmt.c">
      <Filter>src_c\libavutil</Filter>
    </ClCompile>
    <ClCompile Include="..\..\src_c\libavutil\sha.c">
      <Filter>src_c\libavutil</Filter>
    </ClCompile>
    <ClCompile Include="..\..\src_c\libavutil\sha512.c">
      <Filter>src_c\libavutil</Filter>
    </ClCompile>
    <ClCompile Include="..\..\src_c\libavutil\spherical.c">
      <Filter>src_c\libavutil</Filter>
    </ClCompile>
    <ClCompile Include="..\..\src_c\libavutil\tea.c">
      <Filter>src_c\libavutil</Filter>
    </ClCompile>
    <ClCompile Include="..\..\src_c\libavutil\threadmessage.c">
      <Filter>src_c\libavutil</Filter>
    </ClCompile>
    <ClCompile Include="..\..\src_c\libavutil\time.c">
      <Filter>src_c\libavutil</Filter>
    </ClCompile>
    <ClCompile Include="..\..\src_c\libavutil\timecode.c">
      <Filter>src_c\libavutil</Filter>
    </ClCompile>
    <ClCompile Include="..\..\src_c\libavutil\tree.c">
      <Filter>src_c\libavutil</Filter>
    </ClCompile>
    <ClCompile Include="..\..\src_c\libavutil\twofish.c">
      <Filter>src_c\libavutil</Filter>
    </ClCompile>
    <ClCompile Include="..\..\src_c\libavutil\utils.c">
      <Filter>src_c\libavutil</Filter>
    </ClCompile>
    <ClCompile Include="..\..\src_c\libavutil\xga_font_data.c">
      <Filter>src_c\libavutil</Filter>
    </ClCompile>
    <ClCompile Include="..\..\src_c\libavutil\xtea.c">
      <Filter>src_c\libavutil</Filter>
    </ClCompile>
    <ClCompile Include="..\..\src_c\zlib-1.2.11\adler32.c">
      <Filter>src_c\zip</Filter>
    </ClCompile>
    <ClCompile Include="..\..\src_c\zlib-1.2.11\compress.c">
      <Filter>src_c\zip</Filter>
    </ClCompile>
    <ClCompile Include="..\..\src_c\zlib-1.2.11\crc32.c">
      <Filter>src_c\zip</Filter>
    </ClCompile>
    <ClCompile Include="..\..\src_c\zlib-1.2.11\deflate.c">
      <Filter>src_c\zip</Filter>
    </ClCompile>
    <ClCompile Include="..\..\src_c\zlib-1.2.11\gzclose.c">
      <Filter>src_c\zip</Filter>
    </ClCompile>
    <ClCompile Include="..\..\src_c\zlib-1.2.11\gzlib.c">
      <Filter>src_c\zip</Filter>
    </ClCompile>
    <ClCompile Include="..\..\src_c\zlib-1.2.11\gzread.c">
      <Filter>src_c\zip</Filter>
    </ClCompile>
    <ClCompile Include="..\..\src_c\zlib-1.2.11\gzwrite.c">
      <Filter>src_c\zip</Filter>
    </ClCompile>
    <ClCompile Include="..\..\src_c\zlib-1.2.11\infback.c">
      <Filter>src_c\zip</Filter>
    </ClCompile>
    <ClCompile Include="..\..\src_c\zlib-1.2.11\inffast.c">
      <Filter>src_c\zip</Filter>
    </ClCompile>
    <ClCompile Include="..\..\src_c\zlib-1.2.11\inflate.c">
      <Filter>src_c\zip</Filter>
    </ClCompile>
    <ClCompile Include="..\..\src_c\zlib-1.2.11\inftrees.c">
      <Filter>src_c\zip</Filter>
    </ClCompile>
    <ClCompile Include="..\..\src_c\zlib-1.2.11\trees.c">
      <Filter>src_c\zip</Filter>
    </ClCompile>
    <ClCompile Include="..\..\src_c\zlib-1.2.11\uncompr.c">
      <Filter>src_c\zip</Filter>
    </ClCompile>
    <ClCompile Include="..\..\src_c\zlib-1.2.11\zutil.c">
      <Filter>src_c\zip</Filter>
    </ClCompile>
    <ClCompile Include="..\..\src_c\klua\extension\klua_extension.c">
      <Filter>src_c\klua\extension</Filter>
    </ClCompile>
    <ClCompile Include="..\..\src_c\klua\extension\klua_ex_time.c">
      <Filter>src_c\klua\extension</Filter>
    </ClCompile>
    <ClCompile Include="..\..\src_c\klua\extension\klua_ex_gui.c">
      <Filter>src_c\klua\extension</Filter>
    </ClCompile>
    <ClCompile Include="..\..\src_c\klua\extension\klua_ex_multiplex.c">
      <Filter>src_c\klua\extension</Filter>
    </ClCompile>
    <ClCompile Include="..\..\src_c\klua\klua_main.c">
      <Filter>src_c\klua</Filter>
    </ClCompile>
    <ClCompile Include="..\..\src_c\klbbase\klb_str_map.c">
      <Filter>src_c\klbbase</Filter>
    </ClCompile>
    <ClCompile Include="..\..\src_c\klbbase\klb_string.c">
      <Filter>src_c\klbbase</Filter>
    </ClCompile>
    <ClCompile Include="..\..\src_c\klbgui\klb_button.c">
      <Filter>src_c\klbgui</Filter>
    </ClCompile>
    <ClCompile Include="..\..\src_c\klbgui\klb_dialog.c">
      <Filter>src_c\klbgui</Filter>
    </ClCompile>
    <ClCompile Include="..\..\src_c\klbgui\klb_gui.c">
      <Filter>src_c\klbgui</Filter>
    </ClCompile>
    <ClCompile Include="..\..\src_c\klbgui\klb_gui_in.c">
      <Filter>src_c\klbgui</Filter>
    </ClCompile>
    <ClCompile Include="..\..\src_c\klbgui\klb_wnd.c">
      <Filter>src_c\klbgui</Filter>
    </ClCompile>
    <ClCompile Include="..\..\src_c\klbmem\klb_buf.c">
      <Filter>src_c\klbmem</Filter>
    </ClCompile>
    <ClCompile Include="..\..\src_c\klbmem\klb_buffer.c">
      <Filter>src_c\klbmem</Filter>
    </ClCompile>
    <ClCompile Include="..\..\src_c\klbmem\klb_mem.c">
      <Filter>src_c\klbmem</Filter>
    </ClCompile>
    <ClCompile Include="..\..\src_c\klbmem\klb_mpool.c">
      <Filter>src_c\klbmem</Filter>
    </ClCompile>
    <ClCompile Include="..\..\src_c\klbnet\klb_http.c">
      <Filter>src_c\klbnet</Filter>
    </ClCompile>
    <ClCompile Include="..\..\src_c\klbnet\klb_ncm.c">
      <Filter>src_c\klbnet</Filter>
    </ClCompile>
    <ClCompile Include="..\..\src_c\klbnet\klb_socket.c">
      <Filter>src_c\klbnet</Filter>
    </ClCompile>
    <ClCompile Include="..\..\src_c\klbnet\klb_websocket.c">
      <Filter>src_c\klbnet</Filter>
    </ClCompile>
    <ClCompile Include="..\..\src_c\klbthird\http_parser.c">
      <Filter>src_c\klbthird</Filter>
    </ClCompile>
    <ClCompile Include="..\..\src_c\klbthird\sds\sds.c">
      <Filter>src_c\klbthird\sds</Filter>
    </ClCompile>
    <ClCompile Include="..\..\src_c\klbthird\pcre2\src\pcre2_auto_possess.c">
      <Filter>src_c\klbthird\pcre2\src</Filter>
    </ClCompile>
    <ClCompile Include="..\..\src_c\klbthird\pcre2\src\pcre2_chartables.c">
      <Filter>src_c\klbthird\pcre2\src</Filter>
    </ClCompile>
    <ClCompile Include="..\..\src_c\klbthird\pcre2\src\pcre2_compile.c">
      <Filter>src_c\klbthird\pcre2\src</Filter>
    </ClCompile>
    <ClCompile Include="..\..\src_c\klbthird\pcre2\src\pcre2_config.c">
      <Filter>src_c\klbthird\pcre2\src</Filter>
    </ClCompile>
    <ClCompile Include="..\..\src_c\klbthird\pcre2\src\pcre2_context.c">
      <Filter>src_c\klbthird\pcre2\src</Filter>
    </ClCompile>
    <ClCompile Include="..\..\src_c\klbthird\pcre2\src\pcre2_convert.c">
      <Filter>src_c\klbthird\pcre2\src</Filter>
    </ClCompile>
    <ClCompile Include="..\..\src_c\klbthird\pcre2\src\pcre2_dfa_match.c">
      <Filter>src_c\klbthird\pcre2\src</Filter>
    </ClCompile>
    <ClCompile Include="..\..\src_c\klbthird\pcre2\src\pcre2_dftables.c">
      <Filter>src_c\klbthird\pcre2\src</Filter>
    </ClCompile>
    <ClCompile Include="..\..\src_c\klbthird\pcre2\src\pcre2_error.c">
      <Filter>src_c\klbthird\pcre2\src</Filter>
    </ClCompile>
    <ClCompile Include="..\..\src_c\klbthird\pcre2\src\pcre2_extuni.c">
      <Filter>src_c\klbthird\pcre2\src</Filter>
    </ClCompile>
    <ClCompile Include="..\..\src_c\klbthird\pcre2\src\pcre2_find_bracket.c">
      <Filter>src_c\klbthird\pcre2\src</Filter>
    </ClCompile>
    <ClCompile Include="..\..\src_c\klbthird\pcre2\src\pcre2_fuzzsupport.c">
      <Filter>src_c\klbthird\pcre2\src</Filter>
    </ClCompile>
    <ClCompile Include="..\..\src_c\klbthird\pcre2\src\pcre2_jit_compile.c">
      <Filter>src_c\klbthird\pcre2\src</Filter>
    </ClCompile>
    <ClCompile Include="..\..\src_c\klbthird\pcre2\src\pcre2_maketables.c">
      <Filter>src_c\klbthird\pcre2\src</Filter>
    </ClCompile>
    <ClCompile Include="..\..\src_c\klbthird\pcre2\src\pcre2_match.c">
      <Filter>src_c\klbthird\pcre2\src</Filter>
    </ClCompile>
    <ClCompile Include="..\..\src_c\klbthird\pcre2\src\pcre2_match_data.c">
      <Filter>src_c\klbthird\pcre2\src</Filter>
    </ClCompile>
    <ClCompile Include="..\..\src_c\klbthird\pcre2\src\pcre2_newline.c">
      <Filter>src_c\klbthird\pcre2\src</Filter>
    </ClCompile>
    <ClCompile Include="..\..\src_c\klbthird\pcre2\src\pcre2_ord2utf.c">
      <Filter>src_c\klbthird\pcre2\src</Filter>
    </ClCompile>
    <ClCompile Include="..\..\src_c\klbthird\pcre2\src\pcre2_pattern_info.c">
      <Filter>src_c\klbthird\pcre2\src</Filter>
    </ClCompile>
    <ClCompile Include="..\..\src_c\klbthird\pcre2\src\pcre2_script_run.c">
      <Filter>src_c\klbthird\pcre2\src</Filter>
    </ClCompile>
    <ClCompile Include="..\..\src_c\klbthird\pcre2\src\pcre2_serialize.c">
      <Filter>src_c\klbthird\pcre2\src</Filter>
    </ClCompile>
    <ClCompile Include="..\..\src_c\klbthird\pcre2\src\pcre2_string_utils.c">
      <Filter>src_c\klbthird\pcre2\src</Filter>
    </ClCompile>
    <ClCompile Include="..\..\src_c\klbthird\pcre2\src\pcre2_study.c">
      <Filter>src_c\klbthird\pcre2\src</Filter>
    </ClCompile>
    <ClCompile Include="..\..\src_c\klbthird\pcre2\src\pcre2_substitute.c">
      <Filter>src_c\klbthird\pcre2\src</Filter>
    </ClCompile>
    <ClCompile Include="..\..\src_c\klbthird\pcre2\src\pcre2_substring.c">
      <Filter>src_c\klbthird\pcre2\src</Filter>
    </ClCompile>
    <ClCompile Include="..\..\src_c\klbthird\pcre2\src\pcre2_tables.c">
      <Filter>src_c\klbthird\pcre2\src</Filter>
    </ClCompile>
    <ClCompile Include="..\..\src_c\klbthird\pcre2\src\pcre2_ucd.c">
      <Filter>src_c\klbthird\pcre2\src</Filter>
    </ClCompile>
    <ClCompile Include="..\..\src_c\klbthird\pcre2\src\pcre2_valid_utf.c">
      <Filter>src_c\klbthird\pcre2\src</Filter>
    </ClCompile>
    <ClCompile Include="..\..\src_c\klbthird\pcre2\src\pcre2_xclass.c">
      <Filter>src_c\klbthird\pcre2\src</Filter>
    </ClCompile>
    <ClCompile Include="..\..\src_c\klbthird\pcre2\src\pcre2grep.c">
      <Filter>src_c\klbthird\pcre2\src</Filter>
    </ClCompile>
    <ClCompile Include="..\..\src_c\klbthird\pcre2\src\pcre2posix.c">
      <Filter>src_c\klbthird\pcre2\src</Filter>
    </ClCompile>
    <ClCompile Include="..\..\src_c\klbutil\klb_bitmap.c">
      <Filter>src_c\klbutil</Filter>
    </ClCompile>
    <ClCompile Include="..\..\src_c\klbutil\klb_canvas.c">
      <Filter>src_c\klbutil</Filter>
    </ClCompile>
    <ClCompile Include="..\..\src_c\klbutil\klb_canvas_argb8888.c">
      <Filter>src_c\klbutil</Filter>
    </ClCompile>
    <ClCompile Include="..\..\src_c\klbutil\klb_color.c">
      <Filter>src_c\klbutil</Filter>
    </ClCompile>
    <ClCompile Include="..\..\src_c\klbutil\klb_hash.c">
      <Filter>src_c\klbutil</Filter>
    </ClCompile>
    <ClCompile Include="..\..\src_c\klbutil\klb_hash_dx.c">
      <Filter>src_c\klbutil</Filter>
    </ClCompile>
    <ClCompile Include="..\..\src_c\klbutil\klb_hash_hgsmi.c">
      <Filter>src_c\klbutil</Filter>
    </ClCompile>
    <ClCompile Include="..\..\src_c\klbutil\klb_hlist.c">
      <Filter>src_c\klbutil</Filter>
    </ClCompile>
    <ClCompile Include="..\..\src_c\klbutil\klb_hmap.c">
      <Filter>src_c\klbutil</Filter>
    </ClCompile>
    <ClCompile Include="..\..\src_c\klbutil\klb_htab.c">
      <Filter>src_c\klbutil</Filter>
    </ClCompile>
    <ClCompile Include="..\..\src_c\klbutil\klb_list.c">
      <Filter>src_c\klbutil</Filter>
    </ClCompile>
    <ClCompile Include="..\..\src_c\klbutil\klb_obj.c">
      <Filter>src_c\klbutil</Filter>
    </ClCompile>
    <ClCompile Include="..\..\src_c\klbutil\klb_rect.c">
      <Filter>src_c\klbutil</Filter>
    </ClCompile>
    <ClCompile Include="..\..\src_c\klua\lpeg-1.0.2\lpcap.c">
      <Filter>src_c\klua\lpeg-1.0.2</Filter>
    </ClCompile>
    <ClCompile Include="..\..\src_c\klua\lpeg-1.0.2\lpcode.c">
      <Filter>src_c\klua\lpeg-1.0.2</Filter>
    </ClCompile>
    <ClCompile Include="..\..\src_c\klua\lpeg-1.0.2\lpprint.c">
      <Filter>src_c\klua\lpeg-1.0.2</Filter>
    </ClCompile>
    <ClCompile Include="..\..\src_c\klua\lpeg-1.0.2\lptree.c">
      <Filter>src_c\klua\lpeg-1.0.2</Filter>
    </ClCompile>
    <ClCompile Include="..\..\src_c\klua\lpeg-1.0.2\lpvm.c">
      <Filter>src_c\klua\lpeg-1.0.2</Filter>
    </ClCompile>
    <ClCompile Include="..\..\src_c\klua\luafilesystem-2.0\src\lfs.c">
      <Filter>src_c\klua\luafilesystem-2.0\src</Filter>
    </ClCompile>
    <ClCompile Include="..\..\src_c\klua\lua-cjson-2.1.0\fpconv.c">
      <Filter>src_c\klua\lua-cjson-2.1.0</Filter>
    </ClCompile>
    <ClCompile Include="..\..\src_c\klua\lua-cjson-2.1.0\lua_cjson.c">
      <Filter>src_c\klua\lua-cjson-2.1.0</Filter>
    </ClCompile>
    <ClCompile Include="..\..\src_c\klua\lua-cjson-2.1.0\strbuf.c">
      <Filter>src_c\klua\lua-cjson-2.1.0</Filter>
    </ClCompile>
    <ClCompile Include="..\..\src_c\klua\lua-5.4.1\src\lapi.c">
      <Filter>src_c\klua\lua-5.4.1\src</Filter>
    </ClCompile>
    <ClCompile Include="..\..\src_c\klua\lua-5.4.1\src\lauxlib.c">
      <Filter>src_c\klua\lua-5.4.1\src</Filter>
    </ClCompile>
    <ClCompile Include="..\..\src_c\klua\lua-5.4.1\src\lbaselib.c">
      <Filter>src_c\klua\lua-5.4.1\src</Filter>
    </ClCompile>
    <ClCompile Include="..\..\src_c\klua\lua-5.4.1\src\lcode.c">
      <Filter>src_c\klua\lua-5.4.1\src</Filter>
    </ClCompile>
    <ClCompile Include="..\..\src_c\klua\lua-5.4.1\src\lcorolib.c">
      <Filter>src_c\klua\lua-5.4.1\src</Filter>
    </ClCompile>
    <ClCompile Include="..\..\src_c\klua\lua-5.4.1\src\lctype.c">
      <Filter>src_c\klua\lua-5.4.1\src</Filter>
    </ClCompile>
    <ClCompile Include="..\..\src_c\klua\lua-5.4.1\src\ldblib.c">
      <Filter>src_c\klua\lua-5.4.1\src</Filter>
    </ClCompile>
    <ClCompile Include="..\..\src_c\klua\lua-5.4.1\src\ldebug.c">
      <Filter>src_c\klua\lua-5.4.1\src</Filter>
    </ClCompile>
    <ClCompile Include="..\..\src_c\klua\lua-5.4.1\src\ldo.c">
      <Filter>src_c\klua\lua-5.4.1\src</Filter>
    </ClCompile>
    <ClCompile Include="..\..\src_c\klua\lua-5.4.1\src\ldump.c">
      <Filter>src_c\klua\lua-5.4.1\src</Filter>
    </ClCompile>
    <ClCompile Include="..\..\src_c\klua\lua-5.4.1\src\lfunc.c">
      <Filter>src_c\klua\lua-5.4.1\src</Filter>
    </ClCompile>
    <ClCompile Include="..\..\src_c\klua\lua-5.4.1\src\lgc.c">
      <Filter>src_c\klua\lua-5.4.1\src</Filter>
    </ClCompile>
    <ClCompile Include="..\..\src_c\klua\lua-5.4.1\src\linit.c">
      <Filter>src_c\klua\lua-5.4.1\src</Filter>
    </ClCompile>
    <ClCompile Include="..\..\src_c\klua\lua-5.4.1\src\liolib.c">
      <Filter>src_c\klua\lua-5.4.1\src</Filter>
    </ClCompile>
    <ClCompile Include="..\..\src_c\klua\lua-5.4.1\src\llex.c">
      <Filter>src_c\klua\lua-5.4.1\src</Filter>
    </ClCompile>
    <ClCompile Include="..\..\src_c\klua\lua-5.4.1\src\lmathlib.c">
      <Filter>src_c\klua\lua-5.4.1\src</Filter>
    </ClCompile>
    <ClCompile Include="..\..\src_c\klua\lua-5.4.1\src\lmem.c">
      <Filter>src_c\klua\lua-5.4.1\src</Filter>
    </ClCompile>
    <ClCompile Include="..\..\src_c\klua\lua-5.4.1\src\loadlib.c">
      <Filter>src_c\klua\lua-5.4.1\src</Filter>
    </ClCompile>
    <ClCompile Include="..\..\src_c\klua\lua-5.4.1\src\lobject.c">
      <Filter>src_c\klua\lua-5.4.1\src</Filter>
    </ClCompile>
    <ClCompile Include="..\..\src_c\klua\lua-5.4.1\src\lopcodes.c">
      <Filter>src_c\klua\lua-5.4.1\src</Filter>
    </ClCompile>
    <ClCompile Include="..\..\src_c\klua\lua-5.4.1\src\loslib.c">
      <Filter>src_c\klua\lua-5.4.1\src</Filter>
    </ClCompile>
    <ClCompile Include="..\..\src_c\klua\lua-5.4.1\src\lparser.c">
      <Filter>src_c\klua\lua-5.4.1\src</Filter>
    </ClCompile>
    <ClCompile Include="..\..\src_c\klua\lua-5.4.1\src\lstate.c">
      <Filter>src_c\klua\lua-5.4.1\src</Filter>
    </ClCompile>
    <ClCompile Include="..\..\src_c\klua\lua-5.4.1\src\lstring.c">
      <Filter>src_c\klua\lua-5.4.1\src</Filter>
    </ClCompile>
    <ClCompile Include="..\..\src_c\klua\lua-5.4.1\src\lstrlib.c">
      <Filter>src_c\klua\lua-5.4.1\src</Filter>
    </ClCompile>
    <ClCompile Include="..\..\src_c\klua\lua-5.4.1\src\ltable.c">
      <Filter>src_c\klua\lua-5.4.1\src</Filter>
    </ClCompile>
    <ClCompile Include="..\..\src_c\klua\lua-5.4.1\src\ltablib.c">
      <Filter>src_c\klua\lua-5.4.1\src</Filter>
    </ClCompile>
    <ClCompile Include="..\..\src_c\klua\lua-5.4.1\src\ltm.c">
      <Filter>src_c\klua\lua-5.4.1\src</Filter>
    </ClCompile>
    <ClCompile Include="..\..\src_c\klua\lua-5.4.1\src\lua.c">
      <Filter>src_c\klua\lua-5.4.1\src</Filter>
    </ClCompile>
    <ClCompile Include="..\..\src_c\klua\lua-5.4.1\src\luac.c">
      <Filter>src_c\klua\lua-5.4.1\src</Filter>
    </ClCompile>
    <ClCompile Include="..\..\src_c\klua\lua-5.4.1\src\lundump.c">
      <Filter>src_c\klua\lua-5.4.1\src</Filter>
    </ClCompile>
    <ClCompile Include="..\..\src_c\klua\lua-5.4.1\src\lutf8lib.c">
      <Filter>src_c\klua\lua-5.4.1\src</Filter>
    </ClCompile>
    <ClCompile Include="..\..\src_c\klua\lua-5.4.1\src\lvm.c">
      <Filter>src_c\klua\lua-5.4.1\src</Filter>
    </ClCompile>
    <ClCompile Include="..\..\src_c\klua\lua-5.4.1\src\lzio.c">
      <Filter>src_c\klua\lua-5.4.1\src</Filter>
    </ClCompile>
    <ClCompile Include="..\..\src_c\klua\klua_net\klua_khttp.c">
      <Filter>src_c\klua\klua_net</Filter>
    </ClCompile>
    <ClCompile Include="..\..\src_c\klua\klua_net\klua_kurl.c">
      <Filter>src_c\klua\klua_net</Filter>
    </ClCompile>
    <ClCompile Include="..\..\src_c\klua\klua_net\klua_kwebsocket.c">
      <Filter>src_c\klua\klua_net</Filter>
    </ClCompile>
    <ClCompile Include="..\..\src_c\klbnet\klb_socket_tls.c">
      <Filter>src_c\klbnet</Filter>
    </ClCompile>
    <ClCompile Include="..\..\src_c\klbbase\klb_resolution.c">
      <Filter>src_c\klbbase</Filter>
    </ClCompile>
    <ClCompile Include="..\..\src_c\klua\klua_platform\klua_kos.c">
      <Filter>src_c\klua\klua_platform</Filter>
    </ClCompile>
    <ClCompile Include="..\..\src_c\klua\klua_platform\klua_ktime.c">
      <Filter>src_c\klua\klua_platform</Filter>
    </ClCompile>
    <ClCompile Include="..\..\src_c\klua\klua_base\klua_kgui.c">
      <Filter>src_c\klua\klua_base</Filter>
    </ClCompile>
    <ClCompile Include="..\..\src_c\klua\klua_base\klua_kmnp_dev.c">
      <Filter>src_c\klua\klua_base</Filter>
    </ClCompile>
    <ClCompile Include="..\..\src_c\klua\klua_multithread\klua_kmcache.c">
      <Filter>src_c\klua\klua_multithread</Filter>
    </ClCompile>
    <ClCompile Include="..\..\src_c\klua\klua_multithread\klua_kthread.c">
      <Filter>src_c\klua\klua_multithread</Filter>
    </ClCompile>
    <ClCompile Include="..\..\src_c\klbplatform\klb_atomic.c">
      <Filter>src_c\klbplatform</Filter>
    </ClCompile>
    <ClCompile Include="..\..\src_c\klbplatform\klb_dynamic_link.c">
      <Filter>src_c\klbplatform</Filter>
    </ClCompile>
    <ClCompile Include="..\..\src_c\klbplatform\klb_mutex.c">
      <Filter>src_c\klbplatform</Filter>
    </ClCompile>
    <ClCompile Include="..\..\src_c\klbplatform\klb_rwlock.c">
      <Filter>src_c\klbplatform</Filter>
    </ClCompile>
    <ClCompile Include="..\..\src_c\klbplatform\klb_spinlock.c">
      <Filter>src_c\klbplatform</Filter>
    </ClCompile>
    <ClCompile Include="..\..\src_c\klbplatform\klb_thread.c">
      <Filter>src_c\klbplatform</Filter>
    </ClCompile>
    <ClCompile Include="..\..\src_c\klbplatform\klb_time.c">
      <Filter>src_c\klbplatform</Filter>
    </ClCompile>
    <ClCompile Include="..\..\src_c\klbbase\klb_base.c">
      <Filter>src_c\klbbase</Filter>
    </ClCompile>
    <ClCompile Include="..\..\src_c\klbbase\klb_multiplex.c">
      <Filter>src_c\klbbase</Filter>
    </ClCompile>
    <ClCompile Include="..\..\src_c\klua\klua_net\klua_kncm.c">
      <Filter>src_c\klua\klua_net</Filter>
    </ClCompile>
    <ClCompile Include="..\..\src_c\klbnet\klb_ncm_ops\klb_ncm_ops_mnp.c">
      <Filter>src_c\klbnet\klb_ncm_ops</Filter>
    </ClCompile>
    <ClCompile Include="..\..\src_c\klua\klua_multithread\klua_multithread.c">
      <Filter>src_c\klua\klua_multithread</Filter>
    </ClCompile>
    <ClCompile Include="..\..\src_c\klbutil\klb_rand.c">
      <Filter>src_c\klbutil</Filter>
    </ClCompile>
    <ClCompile Include="..\..\src_c\klua\klua_util\klua_krand.c">
      <Filter>src_c\klua\klua_util</Filter>
    </ClCompile>
    <ClCompile Include="..\..\src_c\klbplatform\klb_semlock.c">
      <Filter>src_c\klbplatform</Filter>
    </ClCompile>
    <ClCompile Include="..\..\src_c\klbplatform\klb_shmem.c">
      <Filter>src_c\klbplatform</Filter>
    </ClCompile>
    <ClCompile Include="..\..\src_c\klua\extension\klua_ex_lpc.c">
      <Filter>src_c\klua\extension</Filter>
    </ClCompile>
    <ClCompile Include="..\..\src_c\klua\klua_base\klua_klpc.c">
      <Filter>src_c\klua\klua_base</Filter>
    </ClCompile>
    <ClCompile Include="..\..\src_c\klua\klua_util\klua_data.c">
      <Filter>src_c\klua\klua_util</Filter>
    </ClCompile>
    <ClCompile Include="..\..\src_c\klua\lsqlite3\lsqlite3.c">
      <Filter>src_c\klua\lsqlite3</Filter>
    </ClCompile>
    <ClCompile Include="..\..\src_c\klua\lsqlite3\sqlite3.c">
      <Filter>src_c\klua\lsqlite3</Filter>
    </ClCompile>
    <ClCompile Include="..\..\src_c\klbnet\klb_listen.c">
      <Filter>src_c\klbnet</Filter>
    </ClCompile>
    <ClCompile Include="..\..\src_c\klbnet\klb_nsp.c">
      <Filter>src_c\klbnet</Filter>
    </ClCompile>
    <ClCompile Include="..\..\src_c\klua\klua_net\klua_khttp_server.c">
      <Filter>src_c\klua\klua_net</Filter>
    </ClCompile>
    <ClCompile Include="..\..\src_c\klua\klua_net\klua_kwebsocket_server.c">
      <Filter>src_c\klua\klua_net</Filter>
    </ClCompile>
    <ClCompile Include="..\..\src_c\klbnet\klb_ncm_ops\klb_ncm_ops_http.c">
      <Filter>src_c\klbnet\klb_ncm_ops</Filter>
    </ClCompile>
    <ClCompile Include="..\..\src_c\klbnet\klb_ncm_ops\klb_ncm_ops_websocket.c">
      <Filter>src_c\klbnet\klb_ncm_ops</Filter>
    </ClCompile>
    <ClCompile Include="..\..\src_c\klbmem\klb_fix_pool.c">
      <Filter>src_c\klbmem</Filter>
    </ClCompile>
    <ClCompile Include="..\..\src_c\klbmem\klb_rbuf.c">
      <Filter>src_c\klbmem</Filter>
    </ClCompile>
  </ItemGroup>
  <ItemGroup>
    <None Include="..\..\src_c\Makefile">
      <Filter>src_c</Filter>
    </None>
    <None Include="..\..\Makefile" />
    <None Include="..\..\src\Makefile">
      <Filter>src</Filter>
    </None>
  </ItemGroup>
</Project>