<?xml version="1.0" encoding="utf-8"?>
<Project ToolsVersion="4.0" xmlns="http://schemas.microsoft.com/developer/msbuild/2003">
  <ItemGroup>
    <Filter Include="test">
      <UniqueIdentifier>{7ea27f9d-a1ff-4ec2-8117-4487f2d2eb92}</UniqueIdentifier>
    </Filter>
    <Filter Include="test\win">
      <UniqueIdentifier>{916298e4-016d-4bff-abae-548b70a60cbe}</UniqueIdentifier>
    </Filter>
  </ItemGroup>
  <ItemGroup>
    <ClCompile Include="..\..\test\main.cpp">
      <Filter>test</Filter>
    </ClCompile>
    <ClCompile Include="..\..\test\win\klbt_canvas.cpp">
      <Filter>test\win</Filter>
    </ClCompile>
  </ItemGroup>
  <ItemGroup>
    <ClInclude Include="..\..\test\win\klbt_canvas.h">
      <Filter>test\win</Filter>
    </ClInclude>
  </ItemGroup>
</Project>