<?xml version="1.0" encoding="utf-8"?>
<Project ToolsVersion="4.0" xmlns="http://schemas.microsoft.com/developer/msbuild/2003">
  <ItemGroup>
    <Filter Include="源文件">
      <UniqueIdentifier>{4FC737F1-C7A5-4376-A066-2A32D752A2FF}</UniqueIdentifier>
      <Extensions>cpp;c;cc;cxx;def;odl;idl;hpj;bat;asm;asmx</Extensions>
    </Filter>
    <Filter Include="头文件">
      <UniqueIdentifier>{93995380-89BD-4b04-88EB-625FBE52EBFB}</UniqueIdentifier>
      <Extensions>h;hh;hpp;hxx;hm;inl;inc;xsd</Extensions>
    </Filter>
    <Filter Include="资源文件">
      <UniqueIdentifier>{67DA6AB6-F800-4c08-8B7A-83BB121AAD01}</UniqueIdentifier>
      <Extensions>rc;ico;cur;bmp;dlg;rc2;rct;bin;rgs;gif;jpg;jpeg;jpe;resx;tiff;tif;png;wav;mfcribbon-ms</Extensions>
    </Filter>
    <Filter Include="win">
      <UniqueIdentifier>{cfbaa3d8-2a8a-4406-b067-546e4b81305d}</UniqueIdentifier>
    </Filter>
    <Filter Include="glad">
      <UniqueIdentifier>{dbe27b7c-add6-4753-ab2b-212c53d9493a}</UniqueIdentifier>
    </Filter>
    <Filter Include="glad\include">
      <UniqueIdentifier>{6907b97b-476b-4d4b-aebb-0e04a6965d2e}</UniqueIdentifier>
    </Filter>
    <Filter Include="glad\src">
      <UniqueIdentifier>{151f50fc-8c95-48b1-9e20-03e000ca167b}</UniqueIdentifier>
    </Filter>
    <Filter Include="glad\include\glad">
      <UniqueIdentifier>{0cb6b676-ce99-4594-a73f-2fd960ef841c}</UniqueIdentifier>
    </Filter>
    <Filter Include="glad\include\KHR">
      <UniqueIdentifier>{dc3b11c4-020d-4808-bcc9-43b777b2237b}</UniqueIdentifier>
    </Filter>
  </ItemGroup>
  <ItemGroup>
    <ClCompile Include="..\..\test\glad\src\glad.c">
      <Filter>glad\src</Filter>
    </ClCompile>
    <ClCompile Include="..\..\test\win\klbt_gl_wnd.cpp">
      <Filter>win</Filter>
    </ClCompile>
    <ClCompile Include="..\..\test\main.cpp">
      <Filter>源文件</Filter>
    </ClCompile>
    <ClCompile Include="..\..\test\win\klbt_glad.cpp">
      <Filter>win</Filter>
    </ClCompile>
    <ClCompile Include="..\..\test\win\klbt_canvas.cpp">
      <Filter>win</Filter>
    </ClCompile>
  </ItemGroup>
  <ItemGroup>
    <ClInclude Include="..\..\test\glad\include\glad\glad.h">
      <Filter>glad\include\glad</Filter>
    </ClInclude>
    <ClInclude Include="..\..\test\glad\include\KHR\khrplatform.h">
      <Filter>glad\include\KHR</Filter>
    </ClInclude>
    <ClInclude Include="..\..\test\win\klbt_gl_wnd.h">
      <Filter>win</Filter>
    </ClInclude>
    <ClInclude Include="..\..\test\win\klbt_glad.h">
      <Filter>win</Filter>
    </ClInclude>
    <ClInclude Include="..\..\test\win\klbt_canvas.h">
      <Filter>win</Filter>
    </ClInclude>
  </ItemGroup>
</Project>