<?xml version="1.0" encoding="utf-8"?>
<Project ToolsVersion="4.0" xmlns="http://schemas.microsoft.com/developer/msbuild/2003">
  <ItemGroup>
    <Filter Include="klua">
      <UniqueIdentifier>{5cddbab3-160a-4a6e-b74a-3dde434a5845}</UniqueIdentifier>
    </Filter>
  </ItemGroup>
  <ItemGroup>
    <ClCompile Include="..\klua\klua.c">
      <Filter>klua</Filter>
    </ClCompile>
  </ItemGroup>
  <ItemGroup>
    <None Include="..\klua\Makefile">
      <Filter>klua</Filter>
    </None>
  </ItemGroup>
</Project>
