<?xml version="1.0" encoding="utf-8"?>
<Project ToolsVersion="4.0" xmlns="http://schemas.microsoft.com/developer/msbuild/2003">
  <ItemGroup>
    <Filter Include="wlua">
      <UniqueIdentifier>{78d31b11-745e-4421-aac6-2ea2852ba261}</UniqueIdentifier>
    </Filter>
    <Filter Include="wsdl">
      <UniqueIdentifier>{722a39c5-e1a0-4b68-987a-f22ccb795cf1}</UniqueIdentifier>
    </Filter>
    <Filter Include="SDL2">
      <UniqueIdentifier>{90fe6e27-6383-409e-9554-dc6c4c6e1208}</UniqueIdentifier>
    </Filter>
    <Filter Include="ff_dec">
      <UniqueIdentifier>{c43e6878-18a6-4fab-9c33-37fc1b84cfbb}</UniqueIdentifier>
    </Filter>
  </ItemGroup>
  <ItemGroup>
    <ClCompile Include="..\..\wlua\wlua.cpp">
      <Filter>wlua</Filter>
    </ClCompile>
    <ClCompile Include="..\..\wlua\wsdl\wsdl_extension.cpp">
      <Filter>wsdl</Filter>
    </ClCompile>
    <ClCompile Include="..\..\wlua\wsdl\wsdl.cpp">
      <Filter>wsdl</Filter>
    </ClCompile>
    <ClCompile Include="..\..\wlua\ft_raster.cpp">
      <Filter>wlua</Filter>
    </ClCompile>
    <ClCompile Include="..\..\wlua\wsdl\wsdl_images.cpp">
      <Filter>wsdl</Filter>
    </ClCompile>
    <ClCompile Include="..\..\wlua\wsdl\wsdl_wnd.cpp">
      <Filter>wsdl</Filter>
    </ClCompile>
    <ClCompile Include="..\..\wlua\wsdl\wsdl_audio.cpp">
      <Filter>wsdl</Filter>
    </ClCompile>
    <ClCompile Include="..\..\wlua\ff_dec\ffdec_single.cpp">
      <Filter>ff_dec</Filter>
    </ClCompile>
    <ClCompile Include="..\..\wlua\ff_dec\ffdec_yuv_wav.cpp">
      <Filter>ff_dec</Filter>
    </ClCompile>
    <ClCompile Include="..\..\wlua\ff_dec\ffmpeg_dec.cpp">
      <Filter>ff_dec</Filter>
    </ClCompile>
    <ClCompile Include="..\..\wlua\ff_dec\ffmpeg_dec_audio.cpp">
      <Filter>ff_dec</Filter>
    </ClCompile>
    <ClCompile Include="..\..\wlua\ff_dec\ffrate_ctrl.cpp">
      <Filter>ff_dec</Filter>
    </ClCompile>
    <ClCompile Include="..\..\wlua\ff_dec\ffrate_ctrl_high.cpp">
      <Filter>ff_dec</Filter>
    </ClCompile>
    <ClCompile Include="..\..\wlua\ff_dec\ffrate_ctrl_higher.cpp">
      <Filter>ff_dec</Filter>
    </ClCompile>
    <ClCompile Include="..\..\wlua\ff_dec\ffrate_ctrl_low.cpp">
      <Filter>ff_dec</Filter>
    </ClCompile>
    <ClCompile Include="..\..\wlua\ff_dec\ffrate_ctrl_lower.cpp">
      <Filter>ff_dec</Filter>
    </ClCompile>
    <ClCompile Include="..\..\wlua\ff_dec\ffrate_ctrl_lowest.cpp">
      <Filter>ff_dec</Filter>
    </ClCompile>
    <ClCompile Include="..\..\wlua\ff_dec\ffrate_ctrl_middle.cpp">
      <Filter>ff_dec</Filter>
    </ClCompile>
    <ClCompile Include="..\..\wlua\wsdl\wsdl_ui_video.cpp">
      <Filter>wsdl</Filter>
    </ClCompile>
  </ItemGroup>
  <ItemGroup>
    <ClInclude Include="..\..\wlua\wsdl\wsdl_extension.h">
      <Filter>wsdl</Filter>
    </ClInclude>
    <ClInclude Include="..\..\wlua\wsdl\wsdl.h">
      <Filter>wsdl</Filter>
    </ClInclude>
    <ClInclude Include="..\..\wlua\ft_raster.h">
      <Filter>wlua</Filter>
    </ClInclude>
    <ClInclude Include="..\..\wlua\SDL2-2.24.1\include\begin_code.h">
      <Filter>SDL2</Filter>
    </ClInclude>
    <ClInclude Include="..\..\wlua\SDL2-2.24.1\include\close_code.h">
      <Filter>SDL2</Filter>
    </ClInclude>
    <ClInclude Include="..\..\wlua\SDL2-2.24.1\include\SDL.h">
      <Filter>SDL2</Filter>
    </ClInclude>
    <ClInclude Include="..\..\wlua\SDL2-2.24.1\include\SDL_assert.h">
      <Filter>SDL2</Filter>
    </ClInclude>
    <ClInclude Include="..\..\wlua\SDL2-2.24.1\include\SDL_atomic.h">
      <Filter>SDL2</Filter>
    </ClInclude>
    <ClInclude Include="..\..\wlua\SDL2-2.24.1\include\SDL_audio.h">
      <Filter>SDL2</Filter>
    </ClInclude>
    <ClInclude Include="..\..\wlua\SDL2-2.24.1\include\SDL_bits.h">
      <Filter>SDL2</Filter>
    </ClInclude>
    <ClInclude Include="..\..\wlua\SDL2-2.24.1\include\SDL_blendmode.h">
      <Filter>SDL2</Filter>
    </ClInclude>
    <ClInclude Include="..\..\wlua\SDL2-2.24.1\include\SDL_clipboard.h">
      <Filter>SDL2</Filter>
    </ClInclude>
    <ClInclude Include="..\..\wlua\SDL2-2.24.1\include\SDL_config.h">
      <Filter>SDL2</Filter>
    </ClInclude>
    <ClInclude Include="..\..\wlua\SDL2-2.24.1\include\SDL_config_android.h">
      <Filter>SDL2</Filter>
    </ClInclude>
    <ClInclude Include="..\..\wlua\SDL2-2.24.1\include\SDL_config_iphoneos.h">
      <Filter>SDL2</Filter>
    </ClInclude>
    <ClInclude Include="..\..\wlua\SDL2-2.24.1\include\SDL_config_macosx.h">
      <Filter>SDL2</Filter>
    </ClInclude>
    <ClInclude Include="..\..\wlua\SDL2-2.24.1\include\SDL_config_minimal.h">
      <Filter>SDL2</Filter>
    </ClInclude>
    <ClInclude Include="..\..\wlua\SDL2-2.24.1\include\SDL_config_pandora.h">
      <Filter>SDL2</Filter>
    </ClInclude>
    <ClInclude Include="..\..\wlua\SDL2-2.24.1\include\SDL_config_psp.h">
      <Filter>SDL2</Filter>
    </ClInclude>
    <ClInclude Include="..\..\wlua\SDL2-2.24.1\include\SDL_config_windows.h">
      <Filter>SDL2</Filter>
    </ClInclude>
    <ClInclude Include="..\..\wlua\SDL2-2.24.1\include\SDL_config_winrt.h">
      <Filter>SDL2</Filter>
    </ClInclude>
    <ClInclude Include="..\..\wlua\SDL2-2.24.1\include\SDL_config_wiz.h">
      <Filter>SDL2</Filter>
    </ClInclude>
    <ClInclude Include="..\..\wlua\SDL2-2.24.1\include\SDL_copying.h">
      <Filter>SDL2</Filter>
    </ClInclude>
    <ClInclude Include="..\..\wlua\SDL2-2.24.1\include\SDL_cpuinfo.h">
      <Filter>SDL2</Filter>
    </ClInclude>
    <ClInclude Include="..\..\wlua\SDL2-2.24.1\include\SDL_egl.h">
      <Filter>SDL2</Filter>
    </ClInclude>
    <ClInclude Include="..\..\wlua\SDL2-2.24.1\include\SDL_endian.h">
      <Filter>SDL2</Filter>
    </ClInclude>
    <ClInclude Include="..\..\wlua\SDL2-2.24.1\include\SDL_error.h">
      <Filter>SDL2</Filter>
    </ClInclude>
    <ClInclude Include="..\..\wlua\SDL2-2.24.1\include\SDL_events.h">
      <Filter>SDL2</Filter>
    </ClInclude>
    <ClInclude Include="..\..\wlua\SDL2-2.24.1\include\SDL_filesystem.h">
      <Filter>SDL2</Filter>
    </ClInclude>
    <ClInclude Include="..\..\wlua\SDL2-2.24.1\include\SDL_gamecontroller.h">
      <Filter>SDL2</Filter>
    </ClInclude>
    <ClInclude Include="..\..\wlua\SDL2-2.24.1\include\SDL_gesture.h">
      <Filter>SDL2</Filter>
    </ClInclude>
    <ClInclude Include="..\..\wlua\SDL2-2.24.1\include\SDL_guid.h">
      <Filter>SDL2</Filter>
    </ClInclude>
    <ClInclude Include="..\..\wlua\SDL2-2.24.1\include\SDL_haptic.h">
      <Filter>SDL2</Filter>
    </ClInclude>
    <ClInclude Include="..\..\wlua\SDL2-2.24.1\include\SDL_hidapi.h">
      <Filter>SDL2</Filter>
    </ClInclude>
    <ClInclude Include="..\..\wlua\SDL2-2.24.1\include\SDL_hints.h">
      <Filter>SDL2</Filter>
    </ClInclude>
    <ClInclude Include="..\..\wlua\SDL2-2.24.1\include\SDL_joystick.h">
      <Filter>SDL2</Filter>
    </ClInclude>
    <ClInclude Include="..\..\wlua\SDL2-2.24.1\include\SDL_keyboard.h">
      <Filter>SDL2</Filter>
    </ClInclude>
    <ClInclude Include="..\..\wlua\SDL2-2.24.1\include\SDL_keycode.h">
      <Filter>SDL2</Filter>
    </ClInclude>
    <ClInclude Include="..\..\wlua\SDL2-2.24.1\include\SDL_loadso.h">
      <Filter>SDL2</Filter>
    </ClInclude>
    <ClInclude Include="..\..\wlua\SDL2-2.24.1\include\SDL_locale.h">
      <Filter>SDL2</Filter>
    </ClInclude>
    <ClInclude Include="..\..\wlua\SDL2-2.24.1\include\SDL_log.h">
      <Filter>SDL2</Filter>
    </ClInclude>
    <ClInclude Include="..\..\wlua\SDL2-2.24.1\include\SDL_main.h">
      <Filter>SDL2</Filter>
    </ClInclude>
    <ClInclude Include="..\..\wlua\SDL2-2.24.1\include\SDL_messagebox.h">
      <Filter>SDL2</Filter>
    </ClInclude>
    <ClInclude Include="..\..\wlua\SDL2-2.24.1\include\SDL_metal.h">
      <Filter>SDL2</Filter>
    </ClInclude>
    <ClInclude Include="..\..\wlua\SDL2-2.24.1\include\SDL_misc.h">
      <Filter>SDL2</Filter>
    </ClInclude>
    <ClInclude Include="..\..\wlua\SDL2-2.24.1\include\SDL_mouse.h">
      <Filter>SDL2</Filter>
    </ClInclude>
    <ClInclude Include="..\..\wlua\SDL2-2.24.1\include\SDL_mutex.h">
      <Filter>SDL2</Filter>
    </ClInclude>
    <ClInclude Include="..\..\wlua\SDL2-2.24.1\include\SDL_name.h">
      <Filter>SDL2</Filter>
    </ClInclude>
    <ClInclude Include="..\..\wlua\SDL2-2.24.1\include\SDL_opengl.h">
      <Filter>SDL2</Filter>
    </ClInclude>
    <ClInclude Include="..\..\wlua\SDL2-2.24.1\include\SDL_opengl_glext.h">
      <Filter>SDL2</Filter>
    </ClInclude>
    <ClInclude Include="..\..\wlua\SDL2-2.24.1\include\SDL_opengles.h">
      <Filter>SDL2</Filter>
    </ClInclude>
    <ClInclude Include="..\..\wlua\SDL2-2.24.1\include\SDL_opengles2.h">
      <Filter>SDL2</Filter>
    </ClInclude>
    <ClInclude Include="..\..\wlua\SDL2-2.24.1\include\SDL_opengles2_gl2.h">
      <Filter>SDL2</Filter>
    </ClInclude>
    <ClInclude Include="..\..\wlua\SDL2-2.24.1\include\SDL_opengles2_gl2ext.h">
      <Filter>SDL2</Filter>
    </ClInclude>
    <ClInclude Include="..\..\wlua\SDL2-2.24.1\include\SDL_opengles2_gl2platform.h">
      <Filter>SDL2</Filter>
    </ClInclude>
    <ClInclude Include="..\..\wlua\SDL2-2.24.1\include\SDL_opengles2_khrplatform.h">
      <Filter>SDL2</Filter>
    </ClInclude>
    <ClInclude Include="..\..\wlua\SDL2-2.24.1\include\SDL_pixels.h">
      <Filter>SDL2</Filter>
    </ClInclude>
    <ClInclude Include="..\..\wlua\SDL2-2.24.1\include\SDL_platform.h">
      <Filter>SDL2</Filter>
    </ClInclude>
    <ClInclude Include="..\..\wlua\SDL2-2.24.1\include\SDL_power.h">
      <Filter>SDL2</Filter>
    </ClInclude>
    <ClInclude Include="..\..\wlua\SDL2-2.24.1\include\SDL_quit.h">
      <Filter>SDL2</Filter>
    </ClInclude>
    <ClInclude Include="..\..\wlua\SDL2-2.24.1\include\SDL_rect.h">
      <Filter>SDL2</Filter>
    </ClInclude>
    <ClInclude Include="..\..\wlua\SDL2-2.24.1\include\SDL_render.h">
      <Filter>SDL2</Filter>
    </ClInclude>
    <ClInclude Include="..\..\wlua\SDL2-2.24.1\include\SDL_revision.h">
      <Filter>SDL2</Filter>
    </ClInclude>
    <ClInclude Include="..\..\wlua\SDL2-2.24.1\include\SDL_rwops.h">
      <Filter>SDL2</Filter>
    </ClInclude>
    <ClInclude Include="..\..\wlua\SDL2-2.24.1\include\SDL_scancode.h">
      <Filter>SDL2</Filter>
    </ClInclude>
    <ClInclude Include="..\..\wlua\SDL2-2.24.1\include\SDL_sensor.h">
      <Filter>SDL2</Filter>
    </ClInclude>
    <ClInclude Include="..\..\wlua\SDL2-2.24.1\include\SDL_shape.h">
      <Filter>SDL2</Filter>
    </ClInclude>
    <ClInclude Include="..\..\wlua\SDL2-2.24.1\include\SDL_stdinc.h">
      <Filter>SDL2</Filter>
    </ClInclude>
    <ClInclude Include="..\..\wlua\SDL2-2.24.1\include\SDL_surface.h">
      <Filter>SDL2</Filter>
    </ClInclude>
    <ClInclude Include="..\..\wlua\SDL2-2.24.1\include\SDL_system.h">
      <Filter>SDL2</Filter>
    </ClInclude>
    <ClInclude Include="..\..\wlua\SDL2-2.24.1\include\SDL_syswm.h">
      <Filter>SDL2</Filter>
    </ClInclude>
    <ClInclude Include="..\..\wlua\SDL2-2.24.1\include\SDL_test.h">
      <Filter>SDL2</Filter>
    </ClInclude>
    <ClInclude Include="..\..\wlua\SDL2-2.24.1\include\SDL_test_assert.h">
      <Filter>SDL2</Filter>
    </ClInclude>
    <ClInclude Include="..\..\wlua\SDL2-2.24.1\include\SDL_test_common.h">
      <Filter>SDL2</Filter>
    </ClInclude>
    <ClInclude Include="..\..\wlua\SDL2-2.24.1\include\SDL_test_compare.h">
      <Filter>SDL2</Filter>
    </ClInclude>
    <ClInclude Include="..\..\wlua\SDL2-2.24.1\include\SDL_test_crc32.h">
      <Filter>SDL2</Filter>
    </ClInclude>
    <ClInclude Include="..\..\wlua\SDL2-2.24.1\include\SDL_test_font.h">
      <Filter>SDL2</Filter>
    </ClInclude>
    <ClInclude Include="..\..\wlua\SDL2-2.24.1\include\SDL_test_fuzzer.h">
      <Filter>SDL2</Filter>
    </ClInclude>
    <ClInclude Include="..\..\wlua\SDL2-2.24.1\include\SDL_test_harness.h">
      <Filter>SDL2</Filter>
    </ClInclude>
    <ClInclude Include="..\..\wlua\SDL2-2.24.1\include\SDL_test_images.h">
      <Filter>SDL2</Filter>
    </ClInclude>
    <ClInclude Include="..\..\wlua\SDL2-2.24.1\include\SDL_test_log.h">
      <Filter>SDL2</Filter>
    </ClInclude>
    <ClInclude Include="..\..\wlua\SDL2-2.24.1\include\SDL_test_md5.h">
      <Filter>SDL2</Filter>
    </ClInclude>
    <ClInclude Include="..\..\wlua\SDL2-2.24.1\include\SDL_test_memory.h">
      <Filter>SDL2</Filter>
    </ClInclude>
    <ClInclude Include="..\..\wlua\SDL2-2.24.1\include\SDL_test_random.h">
      <Filter>SDL2</Filter>
    </ClInclude>
    <ClInclude Include="..\..\wlua\SDL2-2.24.1\include\SDL_thread.h">
      <Filter>SDL2</Filter>
    </ClInclude>
    <ClInclude Include="..\..\wlua\SDL2-2.24.1\include\SDL_timer.h">
      <Filter>SDL2</Filter>
    </ClInclude>
    <ClInclude Include="..\..\wlua\SDL2-2.24.1\include\SDL_touch.h">
      <Filter>SDL2</Filter>
    </ClInclude>
    <ClInclude Include="..\..\wlua\SDL2-2.24.1\include\SDL_types.h">
      <Filter>SDL2</Filter>
    </ClInclude>
    <ClInclude Include="..\..\wlua\SDL2-2.24.1\include\SDL_version.h">
      <Filter>SDL2</Filter>
    </ClInclude>
    <ClInclude Include="..\..\wlua\SDL2-2.24.1\include\SDL_video.h">
      <Filter>SDL2</Filter>
    </ClInclude>
    <ClInclude Include="..\..\wlua\SDL2-2.24.1\include\SDL_vulkan.h">
      <Filter>SDL2</Filter>
    </ClInclude>
    <ClInclude Include="..\..\wlua\wsdl\wsdl_images.h">
      <Filter>wsdl</Filter>
    </ClInclude>
    <ClInclude Include="..\..\wlua\wsdl\wsdl_wnd.h">
      <Filter>wsdl</Filter>
    </ClInclude>
    <ClInclude Include="..\..\wlua\wsdl\wsdl_audio.h">
      <Filter>wsdl</Filter>
    </ClInclude>
    <ClInclude Include="..\..\wlua\ff_dec\ffdec_single.h">
      <Filter>ff_dec</Filter>
    </ClInclude>
    <ClInclude Include="..\..\wlua\ff_dec\ffdec_yuv_wav.h">
      <Filter>ff_dec</Filter>
    </ClInclude>
    <ClInclude Include="..\..\wlua\ff_dec\ffmpeg_dec.h">
      <Filter>ff_dec</Filter>
    </ClInclude>
    <ClInclude Include="..\..\wlua\ff_dec\ffmpeg_dec_audio.h">
      <Filter>ff_dec</Filter>
    </ClInclude>
    <ClInclude Include="..\..\wlua\ff_dec\ffrate_ctrl.h">
      <Filter>ff_dec</Filter>
    </ClInclude>
    <ClInclude Include="..\..\wlua\ff_dec\ffmpeg_include.h">
      <Filter>ff_dec</Filter>
    </ClInclude>
    <ClInclude Include="..\..\wlua\wsdl\wsdl_ui_video.h">
      <Filter>wsdl</Filter>
    </ClInclude>
  </ItemGroup>
</Project>